{
  "version": 4,
  "terraform_version": "1.10.1",
  "serial": 95,
  "lineage": "df72f7d6-cc5b-360c-df3f-cf615da4ef08",
  "outputs": {
    "yandex_instance_id": {
      "value": [
        [
          "fhm1hc9ufh3abdtclruk"
        ]
      ],
      "type": [
        "tuple",
        [
          [
            "tuple",
            [
              "string"
            ]
          ]
        ]
      ]
    },
    "yandex_instance_private_ip": {
      "value": [
        [
          "172.16.10.18"
        ]
      ],
      "type": [
        "tuple",
        [
          [
            "tuple",
            [
              "string"
            ]
          ]
        ]
      ]
    },
    "yandex_instance_public_ip": {
      "value": [
        [
          "62.84.124.205"
        ]
      ],
      "type": [
        "tuple",
        [
          [
            "tuple",
            [
              "string"
            ]
          ]
        ]
      ]
    },
    "yandex_instance_tag": {
      "value": [
        [
          "web",
          "prod"
        ]
      ],
      "type": [
        "tuple",
        [
          [
            "list",
            "string"
          ]
        ]
      ]
    },
    "yandex_name_vm": {
      "value": [
        [
          "yandex-vm-1"
        ]
      ],
      "type": [
        "tuple",
        [
          [
            "tuple",
            [
              "string"
            ]
          ]
        ]
      ]
    }
  },
  "resources": [
    {
      "mode": "data",
      "type": "vault_kv_secret_v2",
      "name": "yc_creds",
      "provider": "provider[\"registry.terraform.io/hashicorp/vault\"]",
      "instances": [
        {
          "schema_version": 0,
          "attributes": {
            "created_time": "2025-03-10T06:10:13.789972293Z",
            "custom_metadata": null,
            "data": {
              "cloud_id": "b1gfsoocn9at577iert4",
              "folder_id": "b1g4i80guj7e3cgo64om",
              "iam_token": "t1.9euelZqLzMrMysiZz8eYipePm43Ome3rnpWaxsmPis7OlZaZyJaXmJeOmp3l8_c6e0VB-e8wcwwr_d3z93opQ0H57zBzDCv9zef1656Vmo3Jl8ySjpCRm5SVis7Mzc6T7_zN5_XrnpWaz8-ZkYqTx53Oj5fHzY7Oiszv_cXrnpWajcmXzJKOkJGblJWKzszNzpM.J2cptSbKxutaiA-2mI6tgiVu-KUSIlX72WsZ-eHBmP0VBMfLh9m5d6mEqZKYfHuG3Q-7-oScZ_kbgymhWKOFCg"
            },
            "data_json": "{\"cloud_id\":\"b1gfsoocn9at577iert4\",\"folder_id\":\"b1g4i80guj7e3cgo64om\",\"iam_token\":\"t1.9euelZqLzMrMysiZz8eYipePm43Ome3rnpWaxsmPis7OlZaZyJaXmJeOmp3l8_c6e0VB-e8wcwwr_d3z93opQ0H57zBzDCv9zef1656Vmo3Jl8ySjpCRm5SVis7Mzc6T7_zN5_XrnpWaz8-ZkYqTx53Oj5fHzY7Oiszv_cXrnpWajcmXzJKOkJGblJWKzszNzpM.J2cptSbKxutaiA-2mI6tgiVu-KUSIlX72WsZ-eHBmP0VBMfLh9m5d6mEqZKYfHuG3Q-7-oScZ_kbgymhWKOFCg\"}",
            "deletion_time": "",
            "destroyed": false,
            "id": "kv/data/yc-sa-admin",
            "mount": "kv",
            "name": "yc-sa-admin",
            "namespace": null,
            "path": "kv/data/yc-sa-admin",
            "version": 35
          },
          "sensitive_attributes": [
            [
              {
                "type": "get_attr",
                "value": "data"
              }
            ],
            [
              {
                "type": "get_attr",
                "value": "data_json"
              }
            ]
          ]
        }
      ]
    },
    {
      "mode": "managed",
      "type": "yandex_vpc_network",
      "name": "network",
      "provider": "provider[\"registry.terraform.io/yandex-cloud/yandex\"]",
      "instances": [
        {
          "schema_version": 0,
          "attributes": {
            "created_at": "2025-03-10T12:50:58Z",
            "default_security_group_id": "enp1p15d7d3gsfn9te4k",
            "description": "",
            "folder_id": "b1g4i80guj7e3cgo64om",
            "id": "enp9m9heq7e8s340g9a9",
            "labels": {},
            "name": "network",
            "subnet_ids": [
              "e9bn8claifiae9b83766"
            ],
            "timeouts": null
          },
          "sensitive_attributes": [],
          "private": "eyJlMmJmYjczMC1lY2FhLTExZTYtOGY4OC0zNDM2M2JjN2M0YzAiOnsiY3JlYXRlIjo2MDAwMDAwMDAwMCwiZGVsZXRlIjo2MDAwMDAwMDAwMCwidXBkYXRlIjo2MDAwMDAwMDAwMH19",
          "dependencies": [
            "data.vault_kv_secret_v2.yc_creds"
          ]
        }
      ]
    },
    {
      "mode": "managed",
      "type": "yandex_vpc_security_group",
      "name": "vpc_group",
      "provider": "provider[\"registry.terraform.io/yandex-cloud/yandex\"]",
      "instances": [
        {
          "schema_version": 0,
          "attributes": {
            "created_at": "2025-03-10T12:56:45Z",
            "description": "test sg",
            "egress": [
              {
                "description": "",
                "from_port": -1,
                "id": "enpaqhjg3bvnnl9jnjkd",
                "labels": {},
                "port": -1,
                "predefined_target": "",
                "protocol": "ANY",
                "security_group_id": "",
                "to_port": -1,
                "v4_cidr_blocks": [
                  "0.0.0.0/0"
                ],
                "v6_cidr_blocks": []
              }
            ],
            "folder_id": "b1g4i80guj7e3cgo64om",
            "id": "enpf5jq26qftak2lt66m",
            "ingress": [
              {
                "description": "",
                "from_port": -1,
                "id": "enp60ml1vqgco0lkhr9i",
                "labels": {},
                "port": 22,
                "predefined_target": "",
                "protocol": "TCP",
                "security_group_id": "",
                "to_port": -1,
                "v4_cidr_blocks": [
                  "0.0.0.0/0"
                ],
                "v6_cidr_blocks": []
              }
            ],
            "labels": {},
            "name": "security_group",
            "network_id": "enp9m9heq7e8s340g9a9",
            "status": "ACTIVE",
            "timeouts": null
          },
          "sensitive_attributes": [],
          "private": "eyJlMmJmYjczMC1lY2FhLTExZTYtOGY4OC0zNDM2M2JjN2M0YzAiOnsiY3JlYXRlIjoxODAwMDAwMDAwMDAsImRlbGV0ZSI6MTgwMDAwMDAwMDAwLCJ1cGRhdGUiOjE4MDAwMDAwMDAwMH19",
          "dependencies": [
            "data.vault_kv_secret_v2.yc_creds",
            "yandex_vpc_network.network"
          ]
        }
      ]
    },
    {
      "mode": "managed",
      "type": "yandex_vpc_subnet",
      "name": "subnet",
      "provider": "provider[\"registry.terraform.io/yandex-cloud/yandex\"]",
      "instances": [
        {
          "schema_version": 0,
          "attributes": {
            "created_at": "2025-03-10T12:51:01Z",
            "description": "",
            "dhcp_options": [],
            "folder_id": "b1g4i80guj7e3cgo64om",
            "id": "e9bn8claifiae9b83766",
            "labels": {},
            "name": "network_subnet",
            "network_id": "enp9m9heq7e8s340g9a9",
            "route_table_id": "",
            "timeouts": null,
            "v4_cidr_blocks": [
              "172.16.10.0/24"
            ],
            "v6_cidr_blocks": [],
            "zone": "ru-central1-a"
          },
          "sensitive_attributes": [],
          "private": "eyJlMmJmYjczMC1lY2FhLTExZTYtOGY4OC0zNDM2M2JjN2M0YzAiOnsiY3JlYXRlIjoxODAwMDAwMDAwMDAsImRlbGV0ZSI6MTgwMDAwMDAwMDAwLCJ1cGRhdGUiOjE4MDAwMDAwMDAwMH19",
          "dependencies": [
            "data.vault_kv_secret_v2.yc_creds",
            "yandex_vpc_network.network"
          ]
        }
      ]
    },
    {
      "module": "module.yandex-instance[0]",
      "mode": "managed",
      "type": "yandex_compute_instance",
      "name": "instance",
      "provider": "provider[\"registry.terraform.io/yandex-cloud/yandex\"]",
      "instances": [
        {
          "schema_version": 1,
          "attributes": {
            "allow_recreate": null,
            "allow_stopping_for_update": true,
            "boot_disk": [
              {
                "auto_delete": true,
                "device_name": "fhmguv3rujdbj93o93s6",
                "disk_id": "fhmguv3rujdbj93o93s6",
                "initialize_params": [
                  {
                    "block_size": 4096,
                    "description": "",
                    "image_id": "fd81hgrcv6lsnkremf32",
                    "name": "",
                    "size": 20,
                    "snapshot_id": "",
                    "type": "network-hdd"
                  }
                ],
                "mode": "READ_WRITE"
              }
            ],
            "created_at": "2025-03-10T12:51:01Z",
            "description": "",
            "filesystem": [],
            "folder_id": "b1g4i80guj7e3cgo64om",
            "fqdn": "fhm1hc9ufh3abdtclruk.auto.internal",
            "gpu_cluster_id": "",
            "hardware_generation": [
              {
                "generation2_features": [],
                "legacy_features": [
                  {
                    "pci_topology": "PCI_TOPOLOGY_V1"
                  }
                ]
              }
            ],
            "hostname": "",
            "id": "fhm1hc9ufh3abdtclruk",
            "labels": {},
            "local_disk": [],
            "maintenance_grace_period": "",
            "maintenance_policy": null,
            "metadata": {
              "ssh-keys": "ubuntu:ssh-rsa AAAAB3NzaC1yc2EAAAADAQABAAABgQDOP3KI8nDnIcLKwDko096sn8qftRSie1nm8xwcmW5ISpPLvxVw+mr4bm3z3L3aU+bpJbooil2QWV04ky4M95r0n4VvyvmYy65VGbp0kUCGb6uXM7rgz7Ky/f5Tw3jsFBFa2HY4MvxMh9Qgun7boQX30XiCTE7hofmDWqSPJL8GNZg9TwD8Ockc9p2rIYZfK+SZmVS06MA8SnI4vTYnpm3tm2pZjh2gzba3pIsjrTTCmXlOHm+w2B5RQnd6CoGmgGziLTNyg2NS/spB2Dz9POCRKWo9nzkq/ioxhAUnPMikqv3nxQZIYmM39zasKExXvg/IJ7ZRLO4cDfOPLD5Nrz+1yORohEq6QkupiLxkBw6VhTJJAuU3oZ7+vrz7jvA9mlQ2FbE0TTKxNRUaxZ51UWjwRdruSzzBDFeM0x0Bk1ddbwJWcSuofGeEJt7md2mocvUI8fvmZbly1z2Ev39Jxb3mzLp9Z1OLuAXJZTdwL1aJpIJRhnmRN8Q5mZqA0yTEcq0= vlad@fedora",
              "tags": "web,prod"
            },
            "metadata_options": [
              {
                "aws_v1_http_endpoint": 1,
                "aws_v1_http_token": 2,
                "gce_http_endpoint": 1,
                "gce_http_token": 1
              }
            ],
            "name": "yandex-vm-1",
            "network_acceleration_type": "standard",
            "network_interface": [
              {
                "dns_record": [],
                "index": 0,
                "ip_address": "172.16.10.18",
                "ipv4": true,
                "ipv6": false,
                "ipv6_address": "",
                "ipv6_dns_record": [],
                "mac_address": "d0:0d:18:b1:3e:7c",
                "nat": true,
                "nat_dns_record": [],
                "nat_ip_address": "62.84.124.205",
                "nat_ip_version": "IPV4",
                "security_group_ids": [
                  "enpf5jq26qftak2lt66m"
                ],
                "subnet_id": "e9bn8claifiae9b83766"
              }
            ],
            "placement_policy": [
              {
                "host_affinity_rules": [],
                "placement_group_id": "",
                "placement_group_partition": 0
              }
            ],
            "platform_id": "standard-v1",
            "resources": [
              {
                "core_fraction": 20,
                "cores": 2,
                "gpus": 0,
                "memory": 1
              }
            ],
            "scheduling_policy": [
              {
                "preemptible": true
              }
            ],
            "secondary_disk": [],
            "service_account_id": "",
            "status": "running",
            "timeouts": null,
            "zone": "ru-central1-a"
          },
          "sensitive_attributes": [],
          "private": "eyJlMmJmYjczMC1lY2FhLTExZTYtOGY4OC0zNDM2M2JjN2M0YzAiOnsiY3JlYXRlIjozMDAwMDAwMDAwMDAsImRlbGV0ZSI6MzAwMDAwMDAwMDAwLCJ1cGRhdGUiOjMwMDAwMDAwMDAwMH0sInNjaGVtYV92ZXJzaW9uIjoiMSJ9",
          "dependencies": [
            "data.vault_kv_secret_v2.yc_creds",
            "yandex_vpc_network.network",
            "yandex_vpc_security_group.vpc_group",
            "yandex_vpc_subnet.subnet"
          ]
        }
      ]
    }
  ],
  "check_results": null
}
