{
  "version": 4,
  "terraform_version": "1.10.1",
  "serial": 16,
  "lineage": "f3c52597-f779-7e81-816a-186254c62d6b",
  "outputs": {},
  "resources": [
    {
      "mode": "data",
      "type": "terraform_remote_state",
      "name": "common_instances",
      "provider": "provider[\"terraform.io/builtin/terraform\"]",
      "instances": [
        {
          "schema_version": 0,
          "attributes": {
            "backend": "s3",
            "config": {
              "value": {
                "bucket": "plane-state-bucket",
                "endpoints": {
                  "s3": "https://s3.ru-7.storage.selcloud.ru"
                },
                "key": "common/terraform.tfstate",
                "region": "ru-7",
                "skip_credentials_validation": true,
                "skip_region_validation": true,
                "skip_requesting_account_id": true,
                "skip_s3_checksum": true
              },
              "type": [
                "object",
                {
                  "bucket": "string",
                  "endpoints": [
                    "object",
                    {
                      "s3": "string"
                    }
                  ],
                  "key": "string",
                  "region": "string",
                  "skip_credentials_validation": "bool",
                  "skip_region_validation": "bool",
                  "skip_requesting_account_id": "bool",
                  "skip_s3_checksum": "bool"
                }
              ]
            },
            "defaults": null,
            "outputs": {
              "value": {
                "monitoring_public_ip": [
                  "212.74.224.194",
                  "178.130.49.217"
                ],
                "runner_public_ip": []
              },
              "type": [
                "object",
                {
                  "monitoring_public_ip": [
                    "tuple",
                    [
                      "string",
                      "string"
                    ]
                  ],
                  "runner_public_ip": [
                    "tuple",
                    []
                  ]
                }
              ]
            },
            "workspace": null
          },
          "sensitive_attributes": []
        }
      ]
    },
    {
      "mode": "data",
      "type": "terraform_remote_state",
      "name": "dev-instances",
      "provider": "provider[\"terraform.io/builtin/terraform\"]",
      "instances": [
        {
          "schema_version": 0,
          "attributes": {
            "backend": "s3",
            "config": {
              "value": {
                "bucket": "plane-state-bucket",
                "endpoints": {
                  "s3": "https://s3.ru-7.storage.selcloud.ru"
                },
                "key": "dev/terraform.tfstate",
                "region": "ru-7",
                "skip_credentials_validation": true,
                "skip_region_validation": true,
                "skip_requesting_account_id": true,
                "skip_s3_checksum": true
              },
              "type": [
                "object",
                {
                  "bucket": "string",
                  "endpoints": [
                    "object",
                    {
                      "s3": "string"
                    }
                  ],
                  "key": "string",
                  "region": "string",
                  "skip_credentials_validation": "bool",
                  "skip_region_validation": "bool",
                  "skip_requesting_account_id": "bool",
                  "skip_s3_checksum": "bool"
                }
              ]
            },
            "defaults": null,
            "outputs": {
              "value": {
                "backend_public_ip": [],
                "plane_public_ip": [
                  "178.130.51.166",
                  "178.130.51.249"
                ]
              },
              "type": [
                "object",
                {
                  "backend_public_ip": [
                    "tuple",
                    []
                  ],
                  "plane_public_ip": [
                    "tuple",
                    [
                      "string",
                      "string"
                    ]
                  ]
                }
              ]
            },
            "workspace": null
          },
          "sensitive_attributes": []
        }
      ]
    },
    {
      "mode": "data",
      "type": "terraform_remote_state",
      "name": "prod-instances",
      "provider": "provider[\"terraform.io/builtin/terraform\"]",
      "instances": [
        {
          "schema_version": 0,
          "attributes": {
            "backend": "s3",
            "config": {
              "value": {
                "bucket": "plane-state-bucket",
                "endpoints": {
                  "s3": "https://s3.ru-7.storage.selcloud.ru"
                },
                "key": "prod/terraform.tfstate",
                "region": "ru-7",
                "skip_credentials_validation": true,
                "skip_region_validation": true,
                "skip_requesting_account_id": true,
                "skip_s3_checksum": true
              },
              "type": [
                "object",
                {
                  "bucket": "string",
                  "endpoints": [
                    "object",
                    {
                      "s3": "string"
                    }
                  ],
                  "key": "string",
                  "region": "string",
                  "skip_credentials_validation": "bool",
                  "skip_region_validation": "bool",
                  "skip_requesting_account_id": "bool",
                  "skip_s3_checksum": "bool"
                }
              ]
            },
            "defaults": null,
            "outputs": {
              "value": {
                "backend_public_ip": [
                  "178.130.51.49"
                ],
                "plane_public_ip": [
                  "178.130.51.23",
                  "178.130.51.29"
                ]
              },
              "type": [
                "object",
                {
                  "backend_public_ip": [
                    "tuple",
                    [
                      "string"
                    ]
                  ],
                  "plane_public_ip": [
                    "tuple",
                    [
                      "string",
                      "string"
                    ]
                  ]
                }
              ]
            },
            "workspace": null
          },
          "sensitive_attributes": []
        }
      ]
    },
    {
      "mode": "managed",
      "type": "local_file",
      "name": "inventory",
      "provider": "provider[\"registry.terraform.io/hashicorp/local\"]",
      "instances": [
        {
          "schema_version": 0,
          "attributes": {
            "content": "[monitoring]\n212.74.224.194 \n178.130.49.217 \n[runner]\n[plane_prod]\n178.130.51.23 \n178.130.51.29 \n[plane_dev]\n178.130.51.166 \n178.130.51.249 \n[backend_prod]\n178.130.51.49 \n[backend_dev]\n",
            "content_base64": null,
            "content_base64sha256": "WDrlxjUX+t2r6FbtigPpeGCIRF0/p4EFAySXf9VBGNM=",
            "content_base64sha512": "UH0Iy/DApveJkL4ntIyDivugB1mKg4IVINuKYOrQk1mTWiJbjBOH5RBCgjAcqX5AWIzQhDrqU1SkCmB0S6VB4Q==",
            "content_md5": "4b13924370aa2b8932fe2f7a8d5610b4",
            "content_sha1": "af7fdcdfc868aa7f68ae76557ebdc9d5a5145474",
            "content_sha256": "583ae5c63517faddabe856ed8a03e9786088445d3fa781050324977fd54118d3",
            "content_sha512": "507d08cbf0c0a6f78990be27b48c838afba007598a83821520db8a60ead09359935a225b8c1387e5104282301ca97e40588cd0843aea5354a40a60744ba541e1",
            "directory_permission": "0777",
            "file_permission": "0777",
            "filename": "./inventory.ini",
            "id": "af7fdcdfc868aa7f68ae76557ebdc9d5a5145474",
            "sensitive_content": null,
            "source": null
          },
          "sensitive_attributes": [
            [
              {
                "type": "get_attr",
                "value": "sensitive_content"
              }
            ]
          ],
          "dependencies": [
            "data.terraform_remote_state.common_instances",
            "data.terraform_remote_state.dev-instances",
            "data.terraform_remote_state.prod-instances"
          ]
        }
      ]
    }
  ],
  "check_results": null
}
