{
  "version": 4,
  "terraform_version": "1.10.1",
  "serial": 127,
  "lineage": "b021abf1-d029-d7b5-543d-23480d5054d1",
  "outputs": {
    "external-ipv4": {
      "value": [
        "158.160.58.71"
      ],
      "type": [
        "list",
        "string"
      ]
    },
    "k8s_cluster_id": {
      "value": [
        "cat8porlp3f12bt6o1sr"
      ],
      "type": [
        "tuple",
        [
          "string"
        ]
      ]
    },
    "k8s_version": {
      "value": [
        "1.30"
      ],
      "type": [
        "list",
        "string"
      ]
    },
    "service-range": {
      "value": [
        "10.243.0.0/16"
      ],
      "type": [
        "tuple",
        [
          "string"
        ]
      ]
    }
  },
  "resources": [
    {
      "mode": "data",
      "type": "vault_kv_secret_v2",
      "name": "yc_creds",
      "provider": "provider[\"registry.terraform.io/hashicorp/vault\"]",
      "instances": [
        {
          "schema_version": 0,
          "attributes": {
            "created_time": "2025-03-12T05:54:31.352075908Z",
            "custom_metadata": null,
            "data": {
              "cloud_id": "b1gfsoocn9at577iert4",
              "folder_id": "b1g4i80guj7e3cgo64om",
              "iam_token": "t1.9euelZrHjJqLmsyNnYvLjsmPkc-Uie3rnpWaxsmPis7OlZaZyJaXmJeOmp3l8_dpPDtB-e9jdw0k_N3z9ylrOEH572N3DST8zef1656VmpWWzMicjo3LkZCZm5qanZmW7_zN5_XrnpWaz8-ZkYqTx53Oj5fHzY7Oiszv_cXrnpWalZbMyJyOjcuRkJmbmpqdmZY.D7FPP70Ya_USPC4s6Y4I_quwqYQ0sujrF1YYkyDpwkdnallJEJ5bLc99ISDNKt1I8ZYNogQTBuMPp9JBfqg6CA"
            },
            "data_json": "{\"cloud_id\":\"b1gfsoocn9at577iert4\",\"folder_id\":\"b1g4i80guj7e3cgo64om\",\"iam_token\":\"t1.9euelZrHjJqLmsyNnYvLjsmPkc-Uie3rnpWaxsmPis7OlZaZyJaXmJeOmp3l8_dpPDtB-e9jdw0k_N3z9ylrOEH572N3DST8zef1656VmpWWzMicjo3LkZCZm5qanZmW7_zN5_XrnpWaz8-ZkYqTx53Oj5fHzY7Oiszv_cXrnpWalZbMyJyOjcuRkJmbmpqdmZY.D7FPP70Ya_USPC4s6Y4I_quwqYQ0sujrF1YYkyDpwkdnallJEJ5bLc99ISDNKt1I8ZYNogQTBuMPp9JBfqg6CA\"}",
            "deletion_time": "",
            "destroyed": false,
            "id": "kv/data/yc-sa-admin",
            "mount": "kv",
            "name": "yc-sa-admin",
            "namespace": null,
            "path": "kv/data/yc-sa-admin",
            "version": 37
          },
          "sensitive_attributes": [
            [
              {
                "type": "get_attr",
                "value": "data_json"
              }
            ],
            [
              {
                "type": "get_attr",
                "value": "data"
              }
            ]
          ]
        }
      ]
    },
    {
      "mode": "managed",
      "type": "yandex_iam_service_account",
      "name": "sa-k8s-admin",
      "provider": "provider[\"registry.terraform.io/yandex-cloud/yandex\"]",
      "instances": [
        {
          "schema_version": 0,
          "attributes": {
            "created_at": "2025-03-12T05:54:38Z",
            "description": "k8s account admin",
            "folder_id": "b1g4i80guj7e3cgo64om",
            "id": "aje4caae0n9nk2tj9heu",
            "name": "sa-k8s-admin",
            "timeouts": null
          },
          "sensitive_attributes": [],
          "private": "eyJlMmJmYjczMC1lY2FhLTExZTYtOGY4OC0zNDM2M2JjN2M0YzAiOnsiY3JlYXRlIjo2MDAwMDAwMDAwMCwiZGVsZXRlIjo2MDAwMDAwMDAwMCwidXBkYXRlIjo2MDAwMDAwMDAwMH19",
          "dependencies": [
            "data.vault_kv_secret_v2.yc_creds"
          ]
        }
      ]
    },
    {
      "mode": "managed",
      "type": "yandex_kubernetes_cluster",
      "name": "k8s-cluster",
      "provider": "provider[\"registry.terraform.io/yandex-cloud/yandex\"]",
      "instances": [
        {
          "schema_version": 0,
          "attributes": {
            "cluster_ipv4_range": "10.244.0.0/16",
            "cluster_ipv6_range": "",
            "created_at": "2025-03-12T05:54:48Z",
            "description": "",
            "folder_id": "b1g4i80guj7e3cgo64om",
            "health": "healthy",
            "id": "cat8porlp3f12bt6o1sr",
            "kms_provider": [],
            "labels": {},
            "log_group_id": "",
            "master": [
              {
                "cluster_ca_certificate": "-----BEGIN CERTIFICATE-----\nMIIC5zCCAc+gAwIBAgIBADANBgkqhkiG9w0BAQsFADAVMRMwEQYDVQQDEwprdWJl\ncm5ldGVzMB4XDTI1MDMxMjA1NTQ1MFoXDTM1MDMxMDA1NTQ1MFowFTETMBEGA1UE\nAxMKa3ViZXJuZXRlczCCASIwDQYJKoZIhvcNAQEBBQADggEPADCCAQoCggEBAL8z\nJ7bKFJo5wjdAxI7aXhIPxCjtJbRJS3dGHRUbJCiZy+YqfbPTFrRohtfv1HGObaOT\nQe8bU0Wyqxms/YVzLzqOJIMe1u59PWeDfLUAtNz3O58bo2zkiQ2TQmpLQrhyLKMt\nfD+uWbXhUT6KoG/6fCuAsYf+4OZVTZVJdsuuNtUHle4WCTaQHad72XZS3wgRt7/3\nAowTemUuWwVVJyS9XeZxLghibuMCr5GP6ZMHwYvdkkVRF+fzmDyhqoLSQTq4hgeD\nHW5fbS8HtAPy6MzmuJvLta6TMO8FptExaNniWUY3ag8ATQuQ2QvUUyHnx+IbkWYu\n74EpIuENeq1CDSIxou8CAwEAAaNCMEAwDgYDVR0PAQH/BAQDAgKkMA8GA1UdEwEB\n/wQFMAMBAf8wHQYDVR0OBBYEFCin67PjQ1QnyrvcSzEc9VTP34ROMA0GCSqGSIb3\nDQEBCwUAA4IBAQCwDl98JHayuRvhcUeM/4KD3f2hp5G+0tW8mkDw87WdWRM0gA95\nz0z/4fTSojPiylABC0X8ktZlf73drPZc9OQkX5yxBSQYK302Mq9rJPwL1ahX1Gu9\nvZP4Zk6f+qKTknzPYUR8J1e3+u0cISAQcsAE7w6THzeyPgR6HIkyjKE4A5tSrBr4\n/y30G2m3khoKWKD6WaRS1oJlip5ojyOo1D7Fr0rXzBLj5vkyM61LBQg5VBiBMBzv\nhbE3eXIG+JXzimw9tToRJEq7hKG1XmsxzCPqHTSewDqx1J5PajIxISHlHFSAg2Hb\nl/B6OfdFr1uAllStPgrHwEpTOmdKbGCOEYN/\n-----END CERTIFICATE-----\n",
                "etcd_cluster_size": 1,
                "external_v4_address": "158.160.58.71",
                "external_v4_endpoint": "https://158.160.58.71",
                "external_v6_address": "",
                "external_v6_endpoint": "",
                "internal_v4_address": "172.16.10.13",
                "internal_v4_endpoint": "https://172.16.10.13",
                "maintenance_policy": [
                  {
                    "auto_upgrade": true,
                    "maintenance_window": []
                  }
                ],
                "master_location": [
                  {
                    "subnet_id": "e9b7pn1lsnrd7jg3uglv",
                    "zone": "ru-central1-a"
                  }
                ],
                "master_logging": [
                  {
                    "audit_enabled": true,
                    "cluster_autoscaler_enabled": true,
                    "enabled": true,
                    "events_enabled": true,
                    "folder_id": "b1g4i80guj7e3cgo64om",
                    "kube_apiserver_enabled": true,
                    "log_group_id": ""
                  }
                ],
                "public_ip": true,
                "regional": [],
                "security_group_ids": [],
                "version": "1.30",
                "version_info": [
                  {
                    "current_version": "1.30",
                    "new_revision_available": false,
                    "new_revision_summary": "",
                    "version_deprecated": false
                  }
                ],
                "zonal": [
                  {
                    "subnet_id": "",
                    "zone": "ru-central1-a"
                  }
                ]
              }
            ],
            "name": "yandex-k8s",
            "network_id": "enpdt4cd47tc0f2p136n",
            "network_implementation": [],
            "network_policy_provider": null,
            "node_ipv4_cidr_mask_size": 24,
            "node_service_account_id": "aje4caae0n9nk2tj9heu",
            "release_channel": "STABLE",
            "service_account_id": "aje4caae0n9nk2tj9heu",
            "service_ipv4_range": "10.243.0.0/16",
            "service_ipv6_range": "",
            "status": "running",
            "timeouts": null
          },
          "sensitive_attributes": [
            [
              {
                "type": "get_attr",
                "value": "master"
              },
              {
                "type": "index",
                "value": {
                  "value": 0,
                  "type": "number"
                }
              },
              {
                "type": "get_attr",
                "value": "master_logging"
              },
              {
                "type": "index",
                "value": {
                  "value": 0,
                  "type": "number"
                }
              },
              {
                "type": "get_attr",
                "value": "folder_id"
              }
            ]
          ],
          "private": "eyJlMmJmYjczMC1lY2FhLTExZTYtOGY4OC0zNDM2M2JjN2M0YzAiOnsiY3JlYXRlIjoxODAwMDAwMDAwMDAwLCJkZWxldGUiOjEyMDAwMDAwMDAwMDAsInJlYWQiOjMwMDAwMDAwMDAwMCwidXBkYXRlIjoxODAwMDAwMDAwMDAwfX0=",
          "dependencies": [
            "data.vault_kv_secret_v2.yc_creds",
            "yandex_iam_service_account.sa-k8s-admin",
            "yandex_resourcemanager_folder_iam_member.sa-k8s-admin-permissions",
            "yandex_vpc_network.network",
            "yandex_vpc_security_group.k8s-cluster-nodegroup-traffic",
            "yandex_vpc_security_group.k8s-cluster-traffic",
            "yandex_vpc_subnet.subnet"
          ]
        }
      ]
    },
    {
      "mode": "managed",
      "type": "yandex_kubernetes_node_group",
      "name": "k8s-node-group",
      "provider": "provider[\"registry.terraform.io/yandex-cloud/yandex\"]",
      "instances": [
        {
          "schema_version": 0,
          "attributes": {
            "allocation_policy": [
              {
                "location": [
                  {
                    "subnet_id": "e9b7pn1lsnrd7jg3uglv",
                    "zone": "ru-central1-a"
                  }
                ]
              }
            ],
            "allowed_unsafe_sysctls": [],
            "cluster_id": "cat8porlp3f12bt6o1sr",
            "created_at": "2025-03-12T06:03:22Z",
            "deploy_policy": [
              {
                "max_expansion": 3,
                "max_unavailable": 0
              }
            ],
            "description": "worker node",
            "id": "catql8eorjg00g6oif9r",
            "instance_group_id": "cl1vsammcemtb7nf3l3p",
            "instance_template": [
              {
                "boot_disk": [
                  {
                    "size": 64,
                    "type": "network-hdd"
                  }
                ],
                "container_network": [
                  {
                    "pod_mtu": 0
                  }
                ],
                "container_runtime": [
                  {
                    "type": "containerd"
                  }
                ],
                "gpu_settings": [],
                "labels": {},
                "metadata": {
                  "ssh-keys": "ubuntu:ssh-rsa AAAAB3NzaC1yc2EAAAADAQABAAABgQDOP3KI8nDnIcLKwDko096sn8qftRSie1nm8xwcmW5ISpPLvxVw+mr4bm3z3L3aU+bpJbooil2QWV04ky4M95r0n4VvyvmYy65VGbp0kUCGb6uXM7rgz7Ky/f5Tw3jsFBFa2HY4MvxMh9Qgun7boQX30XiCTE7hofmDWqSPJL8GNZg9TwD8Ockc9p2rIYZfK+SZmVS06MA8SnI4vTYnpm3tm2pZjh2gzba3pIsjrTTCmXlOHm+w2B5RQnd6CoGmgGziLTNyg2NS/spB2Dz9POCRKWo9nzkq/ioxhAUnPMikqv3nxQZIYmM39zasKExXvg/IJ7ZRLO4cDfOPLD5Nrz+1yORohEq6QkupiLxkBw6VhTJJAuU3oZ7+vrz7jvA9mlQ2FbE0TTKxNRUaxZ51UWjwRdruSzzBDFeM0x0Bk1ddbwJWcSuofGeEJt7md2mocvUI8fvmZbly1z2Ev39Jxb3mzLp9Z1OLuAXJZTdwL1aJpIJRhnmRN8Q5mZqA0yTEcq0= vlad@fedora"
                },
                "name": "",
                "nat": true,
                "network_acceleration_type": "type_unspecified",
                "network_interface": [
                  {
                    "ipv4": true,
                    "ipv4_dns_records": [],
                    "ipv6": false,
                    "ipv6_dns_records": [],
                    "nat": true,
                    "security_group_ids": [],
                    "subnet_ids": [
                      "e9b7pn1lsnrd7jg3uglv"
                    ]
                  }
                ],
                "placement_policy": [],
                "platform_id": "standard-v2",
                "resources": [
                  {
                    "core_fraction": 50,
                    "cores": 2,
                    "gpus": 0,
                    "memory": 4
                  }
                ],
                "scheduling_policy": [
                  {
                    "preemptible": true
                  }
                ]
              }
            ],
            "labels": {},
            "maintenance_policy": [
              {
                "auto_repair": true,
                "auto_upgrade": true,
                "maintenance_window": []
              }
            ],
            "name": "k8s-worker",
            "node_labels": {},
            "node_taints": [],
            "scale_policy": [
              {
                "auto_scale": [],
                "fixed_scale": [
                  {
                    "size": 3
                  }
                ]
              }
            ],
            "status": "running",
            "timeouts": null,
            "version": "1.30",
            "version_info": [
              {
                "current_version": "1.30",
                "new_revision_available": false,
                "new_revision_summary": "",
                "version_deprecated": false
              }
            ]
          },
          "sensitive_attributes": [],
          "private": "eyJlMmJmYjczMC1lY2FhLTExZTYtOGY4OC0zNDM2M2JjN2M0YzAiOnsiY3JlYXRlIjozNjAwMDAwMDAwMDAwLCJkZWxldGUiOjEyMDAwMDAwMDAwMDAsInJlYWQiOjYwMDAwMDAwMDAwMCwidXBkYXRlIjozNjAwMDAwMDAwMDAwfX0=",
          "dependencies": [
            "data.vault_kv_secret_v2.yc_creds",
            "yandex_iam_service_account.sa-k8s-admin",
            "yandex_kubernetes_cluster.k8s-cluster",
            "yandex_resourcemanager_folder_iam_member.sa-k8s-admin-permissions",
            "yandex_vpc_network.network",
            "yandex_vpc_security_group.k8s-cluster-nodegroup-traffic",
            "yandex_vpc_security_group.k8s-cluster-traffic",
            "yandex_vpc_security_group.k8s-nodegroup-traffic",
            "yandex_vpc_security_group.k8s-services-access",
            "yandex_vpc_security_group.k8s-ssh-access",
            "yandex_vpc_subnet.subnet"
          ]
        }
      ]
    },
    {
      "mode": "managed",
      "type": "yandex_resourcemanager_folder_iam_member",
      "name": "sa-k8s-admin-permissions",
      "provider": "provider[\"registry.terraform.io/yandex-cloud/yandex\"]",
      "instances": [
        {
          "schema_version": 0,
          "attributes": {
            "folder_id": "b1g4i80guj7e3cgo64om",
            "id": "b1g4i80guj7e3cgo64om/admin/serviceAccount:aje4caae0n9nk2tj9heu",
            "member": "serviceAccount:aje4caae0n9nk2tj9heu",
            "role": "admin",
            "sleep_after": null,
            "timeouts": null
          },
          "sensitive_attributes": [
            [
              {
                "type": "get_attr",
                "value": "folder_id"
              }
            ]
          ],
          "private": "eyJlMmJmYjczMC1lY2FhLTExZTYtOGY4OC0zNDM2M2JjN2M0YzAiOnsiY3JlYXRlIjo2MDAwMDAwMDAwMCwiZGVmYXVsdCI6NjAwMDAwMDAwMDAsImRlbGV0ZSI6NjAwMDAwMDAwMDAsInJlYWQiOjYwMDAwMDAwMDAwLCJ1cGRhdGUiOjYwMDAwMDAwMDAwfX0=",
          "dependencies": [
            "data.vault_kv_secret_v2.yc_creds",
            "yandex_iam_service_account.sa-k8s-admin"
          ]
        }
      ]
    },
    {
      "mode": "managed",
      "type": "yandex_vpc_network",
      "name": "network",
      "provider": "provider[\"registry.terraform.io/yandex-cloud/yandex\"]",
      "instances": [
        {
          "schema_version": 0,
          "attributes": {
            "created_at": "2025-03-12T05:54:38Z",
            "default_security_group_id": "enpj9221h7iaqunosnfh",
            "description": "",
            "folder_id": "b1g4i80guj7e3cgo64om",
            "id": "enpdt4cd47tc0f2p136n",
            "labels": {},
            "name": "k8s_network",
            "subnet_ids": [
              "e9b7pn1lsnrd7jg3uglv",
              "e9bdn3snjg5t7d3dklsg",
              "e9bqih1m8bv8pn94lh3v"
            ],
            "timeouts": null
          },
          "sensitive_attributes": [],
          "private": "eyJlMmJmYjczMC1lY2FhLTExZTYtOGY4OC0zNDM2M2JjN2M0YzAiOnsiY3JlYXRlIjo2MDAwMDAwMDAwMCwiZGVsZXRlIjo2MDAwMDAwMDAwMCwidXBkYXRlIjo2MDAwMDAwMDAwMH19",
          "dependencies": [
            "data.vault_kv_secret_v2.yc_creds"
          ]
        }
      ]
    },
    {
      "mode": "managed",
      "type": "yandex_vpc_security_group",
      "name": "k8s-cluster-nodegroup-traffic",
      "provider": "provider[\"registry.terraform.io/yandex-cloud/yandex\"]",
      "instances": [
        {
          "schema_version": 0,
          "attributes": {
            "created_at": "2025-03-12T05:54:48Z",
            "description": "node group security group",
            "egress": [
              {
                "description": "Правило для исходящего служебного трафика между мастером и узлами.",
                "from_port": 0,
                "id": "enp0q49doul35tne9kh8",
                "labels": {},
                "port": -1,
                "predefined_target": "self_security_group",
                "protocol": "ANY",
                "security_group_id": "",
                "to_port": 65535,
                "v4_cidr_blocks": [],
                "v6_cidr_blocks": []
              }
            ],
            "folder_id": "b1g4i80guj7e3cgo64om",
            "id": "enpv4lv2qngsnn21kjs6",
            "ingress": [
              {
                "description": "Правило для входящего служебного трафика между мастером и узлами.",
                "from_port": 0,
                "id": "enpiileg8qffvsnna64u",
                "labels": {},
                "port": -1,
                "predefined_target": "self_security_group",
                "protocol": "ANY",
                "security_group_id": null,
                "to_port": 65535,
                "v4_cidr_blocks": [],
                "v6_cidr_blocks": []
              },
              {
                "description": "Правило для проверки работоспособности узлов с помощью ICMP-запросов из подсетей внутри Yandex Cloud.",
                "from_port": -1,
                "id": "enpdc58kqaqs6fqjmplm",
                "labels": {},
                "port": -1,
                "predefined_target": null,
                "protocol": "ICMP",
                "security_group_id": null,
                "to_port": -1,
                "v4_cidr_blocks": [
                  "10.0.0.0/8",
                  "172.16.0.0/12",
                  "192.168.0.0/16"
                ],
                "v6_cidr_blocks": []
              },
              {
                "description": "Правило для проверок состояния сетевого балансировщика нагрузки.",
                "from_port": 0,
                "id": "enpdinsekva2advqnogm",
                "labels": {},
                "port": -1,
                "predefined_target": "loadbalancer_healthchecks",
                "protocol": "TCP",
                "security_group_id": null,
                "to_port": 65535,
                "v4_cidr_blocks": [],
                "v6_cidr_blocks": []
              }
            ],
            "labels": {},
            "name": "k8s-cluster-nodegroup-traffic",
            "network_id": "enpdt4cd47tc0f2p136n",
            "status": "ACTIVE",
            "timeouts": null
          },
          "sensitive_attributes": [],
          "private": "eyJlMmJmYjczMC1lY2FhLTExZTYtOGY4OC0zNDM2M2JjN2M0YzAiOnsiY3JlYXRlIjoxODAwMDAwMDAwMDAsImRlbGV0ZSI6MTgwMDAwMDAwMDAwLCJ1cGRhdGUiOjE4MDAwMDAwMDAwMH19",
          "dependencies": [
            "data.vault_kv_secret_v2.yc_creds",
            "yandex_vpc_network.network"
          ]
        }
      ]
    },
    {
      "mode": "managed",
      "type": "yandex_vpc_security_group",
      "name": "k8s-cluster-traffic",
      "provider": "provider[\"registry.terraform.io/yandex-cloud/yandex\"]",
      "instances": [
        {
          "schema_version": 0,
          "attributes": {
            "created_at": "2025-03-12T05:54:43Z",
            "description": "Правила группы разрешают трафик для кластера. Примените ее к кластеру.",
            "egress": [
              {
                "description": "Правило для исходящего трафика, разрешающее передачу трафика между мастером и подами metric-server.",
                "from_port": -1,
                "id": "enppohsqer3ha8u6q50o",
                "labels": {},
                "port": 4443,
                "predefined_target": "",
                "protocol": "TCP",
                "security_group_id": "",
                "to_port": -1,
                "v4_cidr_blocks": [
                  "10.0.0.0/8"
                ],
                "v6_cidr_blocks": []
              }
            ],
            "folder_id": "b1g4i80guj7e3cgo64om",
            "id": "enplhvrc16fhqhgnbl5k",
            "ingress": [
              {
                "description": "Правило для входящего трафика, разрешающее доступ к API Kubernetes (порт 443).",
                "from_port": -1,
                "id": "enpolggc3t9lbssd2a46",
                "labels": {},
                "port": 443,
                "predefined_target": "",
                "protocol": "TCP",
                "security_group_id": "",
                "to_port": -1,
                "v4_cidr_blocks": [
                  "0.0.0.0/0"
                ],
                "v6_cidr_blocks": []
              },
              {
                "description": "Правило для входящего трафика, разрешающее доступ к API Kubernetes (порт 6443).",
                "from_port": -1,
                "id": "enp1shcjohkgbab14l2q",
                "labels": {},
                "port": 6443,
                "predefined_target": "",
                "protocol": "TCP",
                "security_group_id": "",
                "to_port": -1,
                "v4_cidr_blocks": [
                  "0.0.0.0/0"
                ],
                "v6_cidr_blocks": []
              }
            ],
            "labels": {},
            "name": "k8s-cluster-traffic",
            "network_id": "enpdt4cd47tc0f2p136n",
            "status": "ACTIVE",
            "timeouts": null
          },
          "sensitive_attributes": [],
          "private": "eyJlMmJmYjczMC1lY2FhLTExZTYtOGY4OC0zNDM2M2JjN2M0YzAiOnsiY3JlYXRlIjoxODAwMDAwMDAwMDAsImRlbGV0ZSI6MTgwMDAwMDAwMDAwLCJ1cGRhdGUiOjE4MDAwMDAwMDAwMH19",
          "dependencies": [
            "data.vault_kv_secret_v2.yc_creds",
            "yandex_vpc_network.network"
          ]
        }
      ]
    },
    {
      "mode": "managed",
      "type": "yandex_vpc_security_group",
      "name": "k8s-nodegroup-traffic",
      "provider": "provider[\"registry.terraform.io/yandex-cloud/yandex\"]",
      "instances": [
        {
          "schema_version": 0,
          "attributes": {
            "created_at": "2025-03-12T05:54:50Z",
            "description": "Правила группы разрешают служебный трафик для групп узлов. Примените ее к группам узлов.",
            "egress": [
              {
                "description": "Правило для исходящего трафика, разрешающее узлам в группе узлов подключаться к внешним ресурсам.",
                "from_port": 0,
                "id": "enpahmst57gkfuui50qe",
                "labels": {},
                "port": -1,
                "predefined_target": "",
                "protocol": "ANY",
                "security_group_id": "",
                "to_port": 65535,
                "v4_cidr_blocks": [
                  "0.0.0.0/0"
                ],
                "v6_cidr_blocks": []
              }
            ],
            "folder_id": "b1g4i80guj7e3cgo64om",
            "id": "enp5hhojg4igpti4tqrb",
            "ingress": [
              {
                "description": "Правило для входящего трафика, разрешающее передачу трафика между подами и сервисами.",
                "from_port": 0,
                "id": "enpgjeh5670n6qha51kv",
                "labels": {},
                "port": -1,
                "predefined_target": null,
                "protocol": "ANY",
                "security_group_id": null,
                "to_port": 65535,
                "v4_cidr_blocks": [
                  "10.244.0.0/16",
                  "10.243.0.0/16"
                ],
                "v6_cidr_blocks": []
              }
            ],
            "labels": {},
            "name": "k8s-nodegroup-traffic",
            "network_id": "enpdt4cd47tc0f2p136n",
            "status": "ACTIVE",
            "timeouts": null
          },
          "sensitive_attributes": [],
          "private": "eyJlMmJmYjczMC1lY2FhLTExZTYtOGY4OC0zNDM2M2JjN2M0YzAiOnsiY3JlYXRlIjoxODAwMDAwMDAwMDAsImRlbGV0ZSI6MTgwMDAwMDAwMDAwLCJ1cGRhdGUiOjE4MDAwMDAwMDAwMH19",
          "dependencies": [
            "data.vault_kv_secret_v2.yc_creds",
            "yandex_vpc_network.network",
            "yandex_vpc_security_group.k8s-cluster-nodegroup-traffic",
            "yandex_vpc_security_group.k8s-cluster-traffic"
          ]
        }
      ]
    },
    {
      "mode": "managed",
      "type": "yandex_vpc_security_group",
      "name": "k8s-services-access",
      "provider": "provider[\"registry.terraform.io/yandex-cloud/yandex\"]",
      "instances": [
        {
          "schema_version": 0,
          "attributes": {
            "created_at": "2025-03-12T05:54:41Z",
            "description": "Правила группы разрешают подключение к сервисам из интернета. Примените ее к группам узлов.",
            "egress": [],
            "folder_id": "b1g4i80guj7e3cgo64om",
            "id": "enpsfqn7igvsg19mn48c",
            "ingress": [
              {
                "description": "Правило для входящего трафика, разрешающее подключение к сервисам.",
                "from_port": 30000,
                "id": "enp6inkromt2tlsuo562",
                "labels": {},
                "port": -1,
                "predefined_target": "",
                "protocol": "TCP",
                "security_group_id": "",
                "to_port": 32767,
                "v4_cidr_blocks": [
                  "0.0.0.0/0"
                ],
                "v6_cidr_blocks": []
              }
            ],
            "labels": {},
            "name": "k8s-services-access",
            "network_id": "enpdt4cd47tc0f2p136n",
            "status": "ACTIVE",
            "timeouts": null
          },
          "sensitive_attributes": [],
          "private": "eyJlMmJmYjczMC1lY2FhLTExZTYtOGY4OC0zNDM2M2JjN2M0YzAiOnsiY3JlYXRlIjoxODAwMDAwMDAwMDAsImRlbGV0ZSI6MTgwMDAwMDAwMDAwLCJ1cGRhdGUiOjE4MDAwMDAwMDAwMH19",
          "dependencies": [
            "data.vault_kv_secret_v2.yc_creds",
            "yandex_vpc_network.network"
          ]
        }
      ]
    },
    {
      "mode": "managed",
      "type": "yandex_vpc_security_group",
      "name": "k8s-ssh-access",
      "provider": "provider[\"registry.terraform.io/yandex-cloud/yandex\"]",
      "instances": [
        {
          "schema_version": 0,
          "attributes": {
            "created_at": "2025-03-12T05:54:44Z",
            "description": "Правила группы разрешают подключение к узлам по SSH. Примените ее к группам узлов.",
            "egress": [],
            "folder_id": "b1g4i80guj7e3cgo64om",
            "id": "enp8jbtgja70iahuam0p",
            "ingress": [
              {
                "description": "Правило для входящего трафика, разрешающее подключение к узлам по SSH.",
                "from_port": -1,
                "id": "enpvuj8dh2jedhar8c4a",
                "labels": {},
                "port": 22,
                "predefined_target": "",
                "protocol": "TCP",
                "security_group_id": "",
                "to_port": -1,
                "v4_cidr_blocks": [
                  "0.0.0.0/0"
                ],
                "v6_cidr_blocks": []
              }
            ],
            "labels": {},
            "name": "k8s-ssh-access",
            "network_id": "enpdt4cd47tc0f2p136n",
            "status": "ACTIVE",
            "timeouts": null
          },
          "sensitive_attributes": [],
          "private": "eyJlMmJmYjczMC1lY2FhLTExZTYtOGY4OC0zNDM2M2JjN2M0YzAiOnsiY3JlYXRlIjoxODAwMDAwMDAwMDAsImRlbGV0ZSI6MTgwMDAwMDAwMDAwLCJ1cGRhdGUiOjE4MDAwMDAwMDAwMH19",
          "dependencies": [
            "data.vault_kv_secret_v2.yc_creds",
            "yandex_vpc_network.network"
          ]
        }
      ]
    },
    {
      "mode": "managed",
      "type": "yandex_vpc_subnet",
      "name": "subnet",
      "provider": "provider[\"registry.terraform.io/yandex-cloud/yandex\"]",
      "instances": [
        {
          "schema_version": 0,
          "attributes": {
            "created_at": "2025-03-12T05:54:40Z",
            "description": "",
            "dhcp_options": [],
            "folder_id": "b1g4i80guj7e3cgo64om",
            "id": "e9b7pn1lsnrd7jg3uglv",
            "labels": {},
            "name": "k8s_network",
            "network_id": "enpdt4cd47tc0f2p136n",
            "route_table_id": "",
            "timeouts": null,
            "v4_cidr_blocks": [
              "172.16.10.0/24"
            ],
            "v6_cidr_blocks": [],
            "zone": "ru-central1-a"
          },
          "sensitive_attributes": [],
          "private": "eyJlMmJmYjczMC1lY2FhLTExZTYtOGY4OC0zNDM2M2JjN2M0YzAiOnsiY3JlYXRlIjoxODAwMDAwMDAwMDAsImRlbGV0ZSI6MTgwMDAwMDAwMDAwLCJ1cGRhdGUiOjE4MDAwMDAwMDAwMH19",
          "dependencies": [
            "data.vault_kv_secret_v2.yc_creds",
            "yandex_vpc_network.network"
          ]
        }
      ]
    }
  ],
  "check_results": null
}
