{
  "version": 4,
  "terraform_version": "1.10.1",
  "serial": 27,
  "lineage": "b021abf1-d029-d7b5-543d-23480d5054d1",
  "outputs": {},
  "resources": [
    {
      "mode": "data",
      "type": "vault_kv_secret_v2",
      "name": "yc_creds",
      "provider": "provider[\"registry.terraform.io/hashicorp/vault\"]",
      "instances": [
        {
          "schema_version": 0,
          "attributes": {
            "created_time": "2025-03-04T06:06:18.354202462Z",
            "custom_metadata": null,
            "data": {
              "cloud_id": "b1gfsoocn9at577iert4",
              "folder_id": "b1g4i80guj7e3cgo64om",
              "iam_token": "t1.9euelZrJksaNyZuWi8mJmcmRksjJie3rnpWaxsmPis7OlZaZyJaXmJeOmp3l8_clT2VB-e9YaSZ6_t3z92V9YkH571hpJnr-zef1656VmovPzZnMis2LkIqXyImakY2e7_zN5_XrnpWaz8-ZkYqTx53Oj5fHzY7Oiszv_cXrnpWai8_NmcyKzYuQipfIiZqRjZ4.CApxYZRtEJJIujU4t1hKoMpVNTyIPF-pnIqAAn-VeuPeQQceCPZRb2EUvrCHI5zBbR8j_he0Wu311RvxV0vuAw"
            },
            "data_json": "{\"cloud_id\":\"b1gfsoocn9at577iert4\",\"folder_id\":\"b1g4i80guj7e3cgo64om\",\"iam_token\":\"t1.9euelZrJksaNyZuWi8mJmcmRksjJie3rnpWaxsmPis7OlZaZyJaXmJeOmp3l8_clT2VB-e9YaSZ6_t3z92V9YkH571hpJnr-zef1656VmovPzZnMis2LkIqXyImakY2e7_zN5_XrnpWaz8-ZkYqTx53Oj5fHzY7Oiszv_cXrnpWai8_NmcyKzYuQipfIiZqRjZ4.CApxYZRtEJJIujU4t1hKoMpVNTyIPF-pnIqAAn-VeuPeQQceCPZRb2EUvrCHI5zBbR8j_he0Wu311RvxV0vuAw\"}",
            "deletion_time": "",
            "destroyed": false,
            "id": "kv/data/yc-sa-admin",
            "mount": "kv",
            "name": "yc-sa-admin",
            "namespace": null,
            "path": "kv/data/yc-sa-admin",
            "version": 34
          },
          "sensitive_attributes": [
            [
              {
                "type": "get_attr",
                "value": "data_json"
              }
            ],
            [
              {
                "type": "get_attr",
                "value": "data"
              }
            ]
          ]
        }
      ]
    },
    {
      "mode": "managed",
      "type": "yandex_iam_service_account",
      "name": "sa-k8s-admin",
      "provider": "provider[\"registry.terraform.io/yandex-cloud/yandex\"]",
      "instances": [
        {
          "schema_version": 0,
          "attributes": {
            "created_at": "2025-03-04T06:06:25Z",
            "description": "k8s account admin",
            "folder_id": "b1g4i80guj7e3cgo64om",
            "id": "ajelnmfmr7n5otpinlt9",
            "name": "sa-k8s-admin",
            "timeouts": null
          },
          "sensitive_attributes": [],
          "private": "eyJlMmJmYjczMC1lY2FhLTExZTYtOGY4OC0zNDM2M2JjN2M0YzAiOnsiY3JlYXRlIjo2MDAwMDAwMDAwMCwiZGVsZXRlIjo2MDAwMDAwMDAwMCwidXBkYXRlIjo2MDAwMDAwMDAwMH19",
          "dependencies": [
            "data.vault_kv_secret_v2.yc_creds"
          ]
        }
      ]
    },
    {
      "mode": "managed",
      "type": "yandex_kubernetes_cluster",
      "name": "k8s-cluster",
      "provider": "provider[\"registry.terraform.io/yandex-cloud/yandex\"]",
      "instances": [
        {
          "schema_version": 0,
          "attributes": {
            "cluster_ipv4_range": "10.244.0.0/16",
            "cluster_ipv6_range": "",
            "created_at": "2025-03-04T06:13:53Z",
            "description": "",
            "folder_id": "b1g4i80guj7e3cgo64om",
            "health": "healthy",
            "id": "cat0tmnllgpolnslbhs9",
            "kms_provider": [],
            "labels": {},
            "log_group_id": "",
            "master": [
              {
                "cluster_ca_certificate": "-----BEGIN CERTIFICATE-----\nMIIC5zCCAc+gAwIBAgIBADANBgkqhkiG9w0BAQsFADAVMRMwEQYDVQQDEwprdWJl\ncm5ldGVzMB4XDTI1MDMwNDA2MTM1NVoXDTM1MDMwMjA2MTM1NVowFTETMBEGA1UE\nAxMKa3ViZXJuZXRlczCCASIwDQYJKoZIhvcNAQEBBQADggEPADCCAQoCggEBAK5i\nlvsj+o61Srg3byI2md9LFju+kDG++xqWyWMpsG0iJzfU4JfvFRAb57RCD5cFTOuK\n6LRX7Iu9Ahk6fOrqwwhKsteCCh71ivYgoPIkSasZaK8mVSHG4EOjhs7Psr3Rd7d/\n/WK9WF6W2HtR2pF+RpPaDJ9Ebi0UcDY7SBsuVRdboa89Q8s3+pqkQ2TtC6uC2fSM\nfsx7nnE/aNTU9Nwj0UCsRvO7YbVDOqKU/ggYw05YJgb14Vt2R9BT1FiBH1mYQC3H\ng8Cd2eWEHdyByqhNQN+tBuo/5mBexmkJN3jPCS1b76aRWgPVW4Zv6K+qaPAahnCQ\nntVxjVlnZOIPBkpxAncCAwEAAaNCMEAwDgYDVR0PAQH/BAQDAgKkMA8GA1UdEwEB\n/wQFMAMBAf8wHQYDVR0OBBYEFAyO/HA96Fqqz2itAAkLvCN/xFBmMA0GCSqGSIb3\nDQEBCwUAA4IBAQAwAvhf6ZwXipIPzvyWQB01Re5k8Gk/o12FCkBfNz21uZJdnI1R\nvwnxjVZopNdm5SajJyM6FHpMEcENOhzTrQeC3Ii8ZK8dGZfrjk2dKmsq4PG1e7QY\ngsrmb2ezwcJ+nrEej8cJqhNLOVQ+9zPgux6pWvkFcir3diW8pDx/maw3/3uihSb5\n8PKK6KcaDjKbwgt5yFbNrcljkhsnoEEnrFmW/AhxRcCITn6xCi7DimdEPVmdGXl4\n89YIkIEZzPXj303YgNfV9BdZqpyifQPgyLNaz0nQ05lI5h8lF1Cr1v1RV7/HJqNt\nArBla4mGiclZ/aAnuQFZGHgMAcMc4jG6pc4b\n-----END CERTIFICATE-----\n",
                "etcd_cluster_size": 1,
                "external_v4_address": "84.201.135.35",
                "external_v4_endpoint": "https://84.201.135.35",
                "external_v6_address": "",
                "external_v6_endpoint": "",
                "internal_v4_address": "172.16.10.18",
                "internal_v4_endpoint": "https://172.16.10.18",
                "maintenance_policy": [
                  {
                    "auto_upgrade": true,
                    "maintenance_window": []
                  }
                ],
                "master_location": [
                  {
                    "subnet_id": "e9bdjvp6n3bomuo5s2k7",
                    "zone": "ru-central1-a"
                  }
                ],
                "master_logging": [
                  {
                    "audit_enabled": true,
                    "cluster_autoscaler_enabled": true,
                    "enabled": true,
                    "events_enabled": true,
                    "folder_id": "b1g4i80guj7e3cgo64om",
                    "kube_apiserver_enabled": true,
                    "log_group_id": ""
                  }
                ],
                "public_ip": true,
                "regional": [],
                "security_group_ids": [
                  "enp8iefgifu7id21atma",
                  "enptpc4poq3t5adodnj5"
                ],
                "version": "1.30",
                "version_info": [
                  {
                    "current_version": "1.30",
                    "new_revision_available": false,
                    "new_revision_summary": "",
                    "version_deprecated": false
                  }
                ],
                "zonal": [
                  {
                    "subnet_id": "",
                    "zone": "ru-central1-a"
                  }
                ]
              }
            ],
            "name": "k8s-cluster",
            "network_id": "enpi4sraqv4afh598qtg",
            "network_implementation": [],
            "network_policy_provider": null,
            "node_ipv4_cidr_mask_size": 24,
            "node_service_account_id": "ajelnmfmr7n5otpinlt9",
            "release_channel": "STABLE",
            "service_account_id": "ajelnmfmr7n5otpinlt9",
            "service_ipv4_range": "10.243.0.0/16",
            "service_ipv6_range": "",
            "status": "running",
            "timeouts": null
          },
          "sensitive_attributes": [
            [
              {
                "type": "get_attr",
                "value": "master"
              },
              {
                "type": "index",
                "value": {
                  "value": 0,
                  "type": "number"
                }
              },
              {
                "type": "get_attr",
                "value": "master_logging"
              },
              {
                "type": "index",
                "value": {
                  "value": 0,
                  "type": "number"
                }
              },
              {
                "type": "get_attr",
                "value": "folder_id"
              }
            ]
          ],
          "private": "eyJlMmJmYjczMC1lY2FhLTExZTYtOGY4OC0zNDM2M2JjN2M0YzAiOnsiY3JlYXRlIjoxODAwMDAwMDAwMDAwLCJkZWxldGUiOjEyMDAwMDAwMDAwMDAsInJlYWQiOjMwMDAwMDAwMDAwMCwidXBkYXRlIjoxODAwMDAwMDAwMDAwfX0=",
          "dependencies": [
            "data.vault_kv_secret_v2.yc_creds",
            "yandex_iam_service_account.sa-k8s-admin",
            "yandex_resourcemanager_folder_iam_member.sa-k8s-admin-permissions",
            "yandex_vpc_network.network",
            "yandex_vpc_security_group.k8s-cluster-nodegroup-traffic",
            "yandex_vpc_security_group.k8s-cluster-traffic",
            "yandex_vpc_subnet.subnet"
          ]
        }
      ]
    },
    {
      "mode": "managed",
      "type": "yandex_resourcemanager_folder_iam_member",
      "name": "sa-k8s-admin-permissions",
      "provider": "provider[\"registry.terraform.io/yandex-cloud/yandex\"]",
      "instances": [
        {
          "schema_version": 0,
          "attributes": {
            "folder_id": "b1g4i80guj7e3cgo64om",
            "id": "b1g4i80guj7e3cgo64om/admin/serviceAccount:ajelnmfmr7n5otpinlt9",
            "member": "serviceAccount:ajelnmfmr7n5otpinlt9",
            "role": "admin",
            "sleep_after": null,
            "timeouts": null
          },
          "sensitive_attributes": [
            [
              {
                "type": "get_attr",
                "value": "folder_id"
              }
            ]
          ],
          "private": "eyJlMmJmYjczMC1lY2FhLTExZTYtOGY4OC0zNDM2M2JjN2M0YzAiOnsiY3JlYXRlIjo2MDAwMDAwMDAwMCwiZGVmYXVsdCI6NjAwMDAwMDAwMDAsImRlbGV0ZSI6NjAwMDAwMDAwMDAsInJlYWQiOjYwMDAwMDAwMDAwLCJ1cGRhdGUiOjYwMDAwMDAwMDAwfX0=",
          "dependencies": [
            "data.vault_kv_secret_v2.yc_creds",
            "yandex_iam_service_account.sa-k8s-admin"
          ]
        }
      ]
    },
    {
      "mode": "managed",
      "type": "yandex_vpc_network",
      "name": "network",
      "provider": "provider[\"registry.terraform.io/yandex-cloud/yandex\"]",
      "instances": [
        {
          "schema_version": 0,
          "attributes": {
            "created_at": "2025-03-04T06:06:25Z",
            "default_security_group_id": "enpm3sh2nchbb22t2lgp",
            "description": "",
            "folder_id": "b1g4i80guj7e3cgo64om",
            "id": "enpi4sraqv4afh598qtg",
            "labels": {},
            "name": "k8s_network",
            "subnet_ids": [
              "e9b5js7kcujm0un3qm16",
              "e9bbl0of957426dh1tm6",
              "e9bdjvp6n3bomuo5s2k7"
            ],
            "timeouts": null
          },
          "sensitive_attributes": [],
          "private": "eyJlMmJmYjczMC1lY2FhLTExZTYtOGY4OC0zNDM2M2JjN2M0YzAiOnsiY3JlYXRlIjo2MDAwMDAwMDAwMCwiZGVsZXRlIjo2MDAwMDAwMDAwMCwidXBkYXRlIjo2MDAwMDAwMDAwMH19",
          "dependencies": [
            "data.vault_kv_secret_v2.yc_creds"
          ]
        }
      ]
    },
    {
      "mode": "managed",
      "type": "yandex_vpc_security_group",
      "name": "k8s-cluster-nodegroup-traffic",
      "provider": "provider[\"registry.terraform.io/yandex-cloud/yandex\"]",
      "instances": [
        {
          "schema_version": 0,
          "attributes": {
            "created_at": "2025-03-04T06:06:42Z",
            "description": "node group security group",
            "egress": [
              {
                "description": "Правило для исходящего служебного трафика между мастером и узлами.",
                "from_port": 0,
                "id": "enp959pn45nhqft7o9ao",
                "labels": {},
                "port": -1,
                "predefined_target": "self_security_group",
                "protocol": "ANY",
                "security_group_id": "",
                "to_port": 65535,
                "v4_cidr_blocks": [],
                "v6_cidr_blocks": []
              }
            ],
            "folder_id": "b1g4i80guj7e3cgo64om",
            "id": "enp8iefgifu7id21atma",
            "ingress": [
              {
                "description": "Правило для входящего служебного трафика между мастером и узлами.",
                "from_port": 0,
                "id": "enp2kbfj0bbmfhpbgavf",
                "labels": {},
                "port": -1,
                "predefined_target": "self_security_group",
                "protocol": "ANY",
                "security_group_id": "",
                "to_port": 65535,
                "v4_cidr_blocks": [],
                "v6_cidr_blocks": []
              },
              {
                "description": "Правило для проверки работоспособности узлов с помощью ICMP-запросов из подсетей внутри Yandex Cloud.",
                "from_port": -1,
                "id": "enp74vvprmospsgcui6s",
                "labels": {},
                "port": -1,
                "predefined_target": "",
                "protocol": "ICMP",
                "security_group_id": "",
                "to_port": -1,
                "v4_cidr_blocks": [
                  "10.0.0.0/8",
                  "172.16.0.0/12",
                  "192.168.0.0/16"
                ],
                "v6_cidr_blocks": []
              },
              {
                "description": "Правило для проверок состояния сетевого балансировщика нагрузки.",
                "from_port": 0,
                "id": "enp9ejspf85hp2v469gi",
                "labels": {},
                "port": -1,
                "predefined_target": "loadbalancer_healthchecks",
                "protocol": "TCP",
                "security_group_id": "",
                "to_port": 65535,
                "v4_cidr_blocks": [],
                "v6_cidr_blocks": []
              }
            ],
            "labels": {},
            "name": "k8s-cluster-nodegroup-traffic",
            "network_id": "enpi4sraqv4afh598qtg",
            "status": "ACTIVE",
            "timeouts": null
          },
          "sensitive_attributes": [],
          "private": "eyJlMmJmYjczMC1lY2FhLTExZTYtOGY4OC0zNDM2M2JjN2M0YzAiOnsiY3JlYXRlIjoxODAwMDAwMDAwMDAsImRlbGV0ZSI6MTgwMDAwMDAwMDAwLCJ1cGRhdGUiOjE4MDAwMDAwMDAwMH19",
          "dependencies": [
            "data.vault_kv_secret_v2.yc_creds",
            "yandex_vpc_network.network"
          ]
        }
      ]
    },
    {
      "mode": "managed",
      "type": "yandex_vpc_security_group",
      "name": "k8s-cluster-traffic",
      "provider": "provider[\"registry.terraform.io/yandex-cloud/yandex\"]",
      "instances": [
        {
          "schema_version": 0,
          "attributes": {
            "created_at": "2025-03-04T06:06:44Z",
            "description": "Правила группы разрешают трафик для кластера. Примените ее к кластеру.",
            "egress": [
              {
                "description": "Правило для исходящего трафика, разрешающее передачу трафика между мастером и подами metric-server.",
                "from_port": -1,
                "id": "enpef4nfeocpamttb180",
                "labels": {},
                "port": 4443,
                "predefined_target": "",
                "protocol": "TCP",
                "security_group_id": "",
                "to_port": -1,
                "v4_cidr_blocks": [
                  "10.0.0.0/8"
                ],
                "v6_cidr_blocks": []
              }
            ],
            "folder_id": "b1g4i80guj7e3cgo64om",
            "id": "enptpc4poq3t5adodnj5",
            "ingress": [
              {
                "description": "Правило для входящего трафика, разрешающее доступ к API Kubernetes (порт 443).",
                "from_port": -1,
                "id": "enp1e5ds2bgsbgfc8ra5",
                "labels": {},
                "port": 443,
                "predefined_target": "",
                "protocol": "TCP",
                "security_group_id": "",
                "to_port": -1,
                "v4_cidr_blocks": [
                  "0.0.0.0/0"
                ],
                "v6_cidr_blocks": []
              },
              {
                "description": "Правило для входящего трафика, разрешающее доступ к API Kubernetes (порт 6443).",
                "from_port": -1,
                "id": "enpslshefd774c0glj4p",
                "labels": {},
                "port": 6443,
                "predefined_target": "",
                "protocol": "TCP",
                "security_group_id": "",
                "to_port": -1,
                "v4_cidr_blocks": [
                  "0.0.0.0/0"
                ],
                "v6_cidr_blocks": []
              }
            ],
            "labels": {},
            "name": "k8s-cluster-traffic",
            "network_id": "enpi4sraqv4afh598qtg",
            "status": "ACTIVE",
            "timeouts": null
          },
          "sensitive_attributes": [],
          "private": "eyJlMmJmYjczMC1lY2FhLTExZTYtOGY4OC0zNDM2M2JjN2M0YzAiOnsiY3JlYXRlIjoxODAwMDAwMDAwMDAsImRlbGV0ZSI6MTgwMDAwMDAwMDAwLCJ1cGRhdGUiOjE4MDAwMDAwMDAwMH19",
          "dependencies": [
            "data.vault_kv_secret_v2.yc_creds",
            "yandex_vpc_network.network"
          ]
        }
      ]
    },
    {
      "mode": "managed",
      "type": "yandex_vpc_security_group",
      "name": "k8s-nodegroup-traffic",
      "provider": "provider[\"registry.terraform.io/yandex-cloud/yandex\"]",
      "instances": [
        {
          "schema_version": 0,
          "attributes": {
            "created_at": "2025-03-04T06:06:46Z",
            "description": "Правила группы разрешают служебный трафик для групп узлов. Примените ее к группам узлов.",
            "egress": [
              {
                "description": "Правило для исходящего трафика, разрешающее узлам в группе узлов подключаться к внешним ресурсам.",
                "from_port": 0,
                "id": "enpphhmip5u64vcq8ja1",
                "labels": {},
                "port": -1,
                "predefined_target": "",
                "protocol": "ANY",
                "security_group_id": "",
                "to_port": 65535,
                "v4_cidr_blocks": [
                  "0.0.0.0/0"
                ],
                "v6_cidr_blocks": []
              }
            ],
            "folder_id": "b1g4i80guj7e3cgo64om",
            "id": "enpkup5tb3ba46shupml",
            "ingress": [
              {
                "description": "Правило для входящего трафика, разрешающее передачу трафика между подами и сервисами.",
                "from_port": 0,
                "id": "enp0rg6scda71882elij",
                "labels": {},
                "port": -1,
                "predefined_target": "",
                "protocol": "ANY",
                "security_group_id": "",
                "to_port": 65535,
                "v4_cidr_blocks": [
                  "10.244.0.0/16",
                  "10.243.0.0/16"
                ],
                "v6_cidr_blocks": []
              }
            ],
            "labels": {},
            "name": "k8s-nodegroup-traffic",
            "network_id": "enpi4sraqv4afh598qtg",
            "status": "ACTIVE",
            "timeouts": null
          },
          "sensitive_attributes": [],
          "private": "eyJlMmJmYjczMC1lY2FhLTExZTYtOGY4OC0zNDM2M2JjN2M0YzAiOnsiY3JlYXRlIjoxODAwMDAwMDAwMDAsImRlbGV0ZSI6MTgwMDAwMDAwMDAwLCJ1cGRhdGUiOjE4MDAwMDAwMDAwMH19",
          "dependencies": [
            "data.vault_kv_secret_v2.yc_creds",
            "yandex_vpc_network.network"
          ]
        }
      ]
    },
    {
      "mode": "managed",
      "type": "yandex_vpc_security_group",
      "name": "k8s-services-access",
      "provider": "provider[\"registry.terraform.io/yandex-cloud/yandex\"]",
      "instances": [
        {
          "schema_version": 0,
          "attributes": {
            "created_at": "2025-03-04T06:06:40Z",
            "description": "Правила группы разрешают подключение к сервисам из интернета. Примените ее к группам узлов.",
            "egress": [],
            "folder_id": "b1g4i80guj7e3cgo64om",
            "id": "enp6b67ge5r4o6n6vtmm",
            "ingress": [
              {
                "description": "Правило для входящего трафика, разрешающее подключение к сервисам.",
                "from_port": 30000,
                "id": "enp0qqsmj9n2r3614028",
                "labels": {},
                "port": -1,
                "predefined_target": "",
                "protocol": "TCP",
                "security_group_id": "",
                "to_port": 32767,
                "v4_cidr_blocks": [
                  "0.0.0.0/0"
                ],
                "v6_cidr_blocks": []
              }
            ],
            "labels": {},
            "name": "k8s-services-access",
            "network_id": "enpi4sraqv4afh598qtg",
            "status": "ACTIVE",
            "timeouts": null
          },
          "sensitive_attributes": [],
          "private": "eyJlMmJmYjczMC1lY2FhLTExZTYtOGY4OC0zNDM2M2JjN2M0YzAiOnsiY3JlYXRlIjoxODAwMDAwMDAwMDAsImRlbGV0ZSI6MTgwMDAwMDAwMDAwLCJ1cGRhdGUiOjE4MDAwMDAwMDAwMH19",
          "dependencies": [
            "data.vault_kv_secret_v2.yc_creds",
            "yandex_vpc_network.network"
          ]
        }
      ]
    },
    {
      "mode": "managed",
      "type": "yandex_vpc_security_group",
      "name": "k8s-ssh-access",
      "provider": "provider[\"registry.terraform.io/yandex-cloud/yandex\"]",
      "instances": [
        {
          "schema_version": 0,
          "attributes": {
            "created_at": "2025-03-04T06:06:49Z",
            "description": "Правила группы разрешают подключение к узлам по SSH. Примените ее к группам узлов.",
            "egress": [],
            "folder_id": "b1g4i80guj7e3cgo64om",
            "id": "enp3daooq648ipp2bf8q",
            "ingress": [
              {
                "description": "Правило для входящего трафика, разрешающее подключение к узлам по SSH.",
                "from_port": -1,
                "id": "enpc4iq0vmhdb7kjus0g",
                "labels": {},
                "port": 22,
                "predefined_target": "",
                "protocol": "TCP",
                "security_group_id": "",
                "to_port": -1,
                "v4_cidr_blocks": [
                  "0.0.0.0/0"
                ],
                "v6_cidr_blocks": []
              }
            ],
            "labels": {},
            "name": "k8s-ssh-access",
            "network_id": "enpi4sraqv4afh598qtg",
            "status": "ACTIVE",
            "timeouts": null
          },
          "sensitive_attributes": [],
          "private": "eyJlMmJmYjczMC1lY2FhLTExZTYtOGY4OC0zNDM2M2JjN2M0YzAiOnsiY3JlYXRlIjoxODAwMDAwMDAwMDAsImRlbGV0ZSI6MTgwMDAwMDAwMDAwLCJ1cGRhdGUiOjE4MDAwMDAwMDAwMH19",
          "dependencies": [
            "data.vault_kv_secret_v2.yc_creds",
            "yandex_vpc_network.network"
          ]
        }
      ]
    },
    {
      "mode": "managed",
      "type": "yandex_vpc_subnet",
      "name": "subnet",
      "provider": "provider[\"registry.terraform.io/yandex-cloud/yandex\"]",
      "instances": [
        {
          "schema_version": 0,
          "attributes": {
            "created_at": "2025-03-04T06:06:38Z",
            "description": "",
            "dhcp_options": [],
            "folder_id": "b1g4i80guj7e3cgo64om",
            "id": "e9bdjvp6n3bomuo5s2k7",
            "labels": {},
            "name": "k8s_subnet",
            "network_id": "enpi4sraqv4afh598qtg",
            "route_table_id": "",
            "timeouts": null,
            "v4_cidr_blocks": [
              "172.16.10.0/24"
            ],
            "v6_cidr_blocks": [],
            "zone": "ru-central1-a"
          },
          "sensitive_attributes": [],
          "private": "eyJlMmJmYjczMC1lY2FhLTExZTYtOGY4OC0zNDM2M2JjN2M0YzAiOnsiY3JlYXRlIjoxODAwMDAwMDAwMDAsImRlbGV0ZSI6MTgwMDAwMDAwMDAwLCJ1cGRhdGUiOjE4MDAwMDAwMDAwMH19",
          "dependencies": [
            "data.vault_kv_secret_v2.yc_creds",
            "yandex_vpc_network.network"
          ]
        }
      ]
    }
  ],
  "check_results": null
}
