{
  "version": 4,
  "terraform_version": "1.10.1",
  "serial": 289,
  "lineage": "b021abf1-d029-d7b5-543d-23480d5054d1",
  "outputs": {
    "external-ipv4": {
      "value": [
        "158.160.100.100"
      ],
      "type": [
        "list",
        "string"
      ]
    },
    "k8s_cluster_id": {
      "value": [
        "catif2fkevib922qgf27"
      ],
      "type": [
        "tuple",
        [
          "string"
        ]
      ]
    },
    "k8s_version": {
      "value": [
        "1.30"
      ],
      "type": [
        "list",
        "string"
      ]
    },
    "service-range": {
      "value": [
        "10.243.0.0/16"
      ],
      "type": [
        "tuple",
        [
          "string"
        ]
      ]
    }
  },
  "resources": [
    {
      "mode": "data",
      "type": "vault_kv_secret_v2",
      "name": "yc_creds",
      "provider": "provider[\"registry.terraform.io/hashicorp/vault\"]",
      "instances": [
        {
          "schema_version": 0,
          "attributes": {
            "created_time": "2025-03-20T11:11:35.101919702Z",
            "custom_metadata": null,
            "data": {
              "cloud_id": "b1gfsoocn9at577iert4",
              "folder_id": "b1g4i80guj7e3cgo64om",
              "iam_token": "t1.9euelZrLzs2ZmZvGjpnIxpuLlZaXlu3rnpWaxsmPis7OlZaZyJaXmJeOmp3l9PcYEBBB-e9yVSrv3fT3WD4NQfnvclUq783n9euelZrOiZqTjs6RmZ6Oj5aRncueze_8zef1656Vms_PmZGKk8edzo-Xx82OzorM7_3F656Vms6JmpOOzpGZno6PlpGdy57N.0QjKin2xdQ7kXhhVTpFkTO0k3-D7XLVu6g_xRSb1PsED5eLohmILcbUNpOqRvrsCwLa5Jwvw9PbzFICTOfPYBg"
            },
            "data_json": "{\"cloud_id\":\"b1gfsoocn9at577iert4\",\"folder_id\":\"b1g4i80guj7e3cgo64om\",\"iam_token\":\"t1.9euelZrLzs2ZmZvGjpnIxpuLlZaXlu3rnpWaxsmPis7OlZaZyJaXmJeOmp3l9PcYEBBB-e9yVSrv3fT3WD4NQfnvclUq783n9euelZrOiZqTjs6RmZ6Oj5aRncueze_8zef1656Vms_PmZGKk8edzo-Xx82OzorM7_3F656Vms6JmpOOzpGZno6PlpGdy57N.0QjKin2xdQ7kXhhVTpFkTO0k3-D7XLVu6g_xRSb1PsED5eLohmILcbUNpOqRvrsCwLa5Jwvw9PbzFICTOfPYBg\"}",
            "deletion_time": "",
            "destroyed": false,
            "id": "kv/data/yc-sa-admin",
            "mount": "kv",
            "name": "yc-sa-admin",
            "namespace": null,
            "path": "kv/data/yc-sa-admin",
            "version": 40
          },
          "sensitive_attributes": [
            [
              {
                "type": "get_attr",
                "value": "data_json"
              }
            ],
            [
              {
                "type": "get_attr",
                "value": "data"
              }
            ]
          ]
        }
      ]
    },
    {
      "mode": "managed",
      "type": "null_resource",
      "name": "generate_kubeconfig",
      "provider": "provider[\"registry.terraform.io/hashicorp/null\"]",
      "instances": [
        {
          "schema_version": 0,
          "attributes": {
            "id": "504606272",
            "triggers": null
          },
          "sensitive_attributes": [],
          "dependencies": [
            "data.vault_kv_secret_v2.yc_creds",
            "yandex_iam_service_account.sa-k8s-admin",
            "yandex_kubernetes_cluster.k8s-cluster",
            "yandex_resourcemanager_folder_iam_member.sa-k8s-admin-permissions",
            "yandex_vpc_network.network",
            "yandex_vpc_security_group.k8s-cluster-nodegroup-traffic",
            "yandex_vpc_security_group.k8s-cluster-traffic",
            "yandex_vpc_subnet.subnet"
          ]
        }
      ]
    },
    {
      "mode": "managed",
      "type": "yandex_iam_service_account",
      "name": "sa-k8s-admin",
      "provider": "provider[\"registry.terraform.io/yandex-cloud/yandex\"]",
      "instances": [
        {
          "schema_version": 0,
          "attributes": {
            "created_at": "2025-03-20T12:41:50Z",
            "description": "k8s account admin",
            "folder_id": "b1g4i80guj7e3cgo64om",
            "id": "ajet8trnt88p5cksajb8",
            "name": "sa-k8s-admin",
            "timeouts": null
          },
          "sensitive_attributes": [],
          "private": "eyJlMmJmYjczMC1lY2FhLTExZTYtOGY4OC0zNDM2M2JjN2M0YzAiOnsiY3JlYXRlIjo2MDAwMDAwMDAwMCwiZGVsZXRlIjo2MDAwMDAwMDAwMCwidXBkYXRlIjo2MDAwMDAwMDAwMH19",
          "dependencies": [
            "data.vault_kv_secret_v2.yc_creds"
          ]
        }
      ]
    },
    {
      "mode": "managed",
      "type": "yandex_kubernetes_cluster",
      "name": "k8s-cluster",
      "provider": "provider[\"registry.terraform.io/yandex-cloud/yandex\"]",
      "instances": [
        {
          "schema_version": 0,
          "attributes": {
            "cluster_ipv4_range": "10.244.0.0/16",
            "cluster_ipv6_range": "",
            "created_at": "2025-03-20T12:42:04Z",
            "description": "",
            "folder_id": "b1g4i80guj7e3cgo64om",
            "health": "healthy",
            "id": "catif2fkevib922qgf27",
            "kms_provider": [],
            "labels": {},
            "log_group_id": "",
            "master": [
              {
                "cluster_ca_certificate": "-----BEGIN CERTIFICATE-----\nMIIC5zCCAc+gAwIBAgIBADANBgkqhkiG9w0BAQsFADAVMRMwEQYDVQQDEwprdWJl\ncm5ldGVzMB4XDTI1MDMyMDEyNDI0M1oXDTM1MDMxODEyNDI0M1owFTETMBEGA1UE\nAxMKa3ViZXJuZXRlczCCASIwDQYJKoZIhvcNAQEBBQADggEPADCCAQoCggEBALvt\nB8fT+VENCU3nI6e1O0MV4Hs951OVy1NGBocnIFafcdqTgh08BYsX90+s57ATupRB\n8xr/M0CFfO9rmfa2JcxkuDytTeYTUVhloZ8nf3MT5KrMCIu5CvAkNb5Ks/p5Waz+\n/BYnpKrPN4dZpEbMD3ZYDMedvRGfJvvVaV4zNpxUQQdy9efDkhDJRF/SXn9Hu/UQ\nGR5M5qAO27G0T0dZbFzal025KBRoC2mrUC58MB97Mv1HHp0zbF5DvczqzsuE3ob3\noeMvraewi3BddV3BcSeAnmFhlJW1+EGOMgUIhHSuEp7hKrIPt0yhuw5Mra+/0GGQ\nzUxnKTiSMcrVPUVESN8CAwEAAaNCMEAwDgYDVR0PAQH/BAQDAgKkMA8GA1UdEwEB\n/wQFMAMBAf8wHQYDVR0OBBYEFJCijBAReU3olfQWRFUQ7TL0P4O/MA0GCSqGSIb3\nDQEBCwUAA4IBAQAqBgpIJFhQI3sV991K3e/0q2WDc35VffbvJkQCqrocXy+Oh7Qr\nxLAECeYTp/Cn9mFxI3oM5UOsRpNpOlbI9g2RZcRiJ5wVyBPPjkc6y7P+82nBEe8K\ncBN/HDZ6QVrDeEYRzWiDLdwO8IRd83PFodWZW0muZH4t5eGY/ZYnEuzcPa4Li90Q\ngDSdloSTmHokLAOF4Kesajt2ELX0BrJNzTDo3S3mwM4SzTwJmzNpxyV3V87Yw4pG\nwzSU37276lykGzm/OfE3fsUn1qY8CEg2Wh9KNQsrQFNSwqksJy7n+z5EWmuB/p8c\nZsnraciWLDD/BFNggB7eTYGn1aNlTExX4m5k\n-----END CERTIFICATE-----\n",
                "etcd_cluster_size": 1,
                "external_v4_address": "158.160.100.100",
                "external_v4_endpoint": "https://158.160.100.100",
                "external_v6_address": "",
                "external_v6_endpoint": "",
                "internal_v4_address": "172.16.10.24",
                "internal_v4_endpoint": "https://172.16.10.24",
                "maintenance_policy": [
                  {
                    "auto_upgrade": true,
                    "maintenance_window": []
                  }
                ],
                "master_location": [
                  {
                    "subnet_id": "e9b1j545415d0p9dqa1c",
                    "zone": "ru-central1-a"
                  }
                ],
                "master_logging": [
                  {
                    "audit_enabled": true,
                    "cluster_autoscaler_enabled": true,
                    "enabled": true,
                    "events_enabled": true,
                    "folder_id": "b1g4i80guj7e3cgo64om",
                    "kube_apiserver_enabled": true,
                    "log_group_id": ""
                  }
                ],
                "public_ip": true,
                "regional": [],
                "security_group_ids": [],
                "version": "1.30",
                "version_info": [
                  {
                    "current_version": "1.30",
                    "new_revision_available": false,
                    "new_revision_summary": "",
                    "version_deprecated": false
                  }
                ],
                "zonal": [
                  {
                    "subnet_id": "",
                    "zone": "ru-central1-a"
                  }
                ]
              }
            ],
            "name": "yandex-k8s",
            "network_id": "enpkt47p9i7kvo1ahlvi",
            "network_implementation": [],
            "network_policy_provider": null,
            "node_ipv4_cidr_mask_size": 24,
            "node_service_account_id": "ajet8trnt88p5cksajb8",
            "release_channel": "STABLE",
            "service_account_id": "ajet8trnt88p5cksajb8",
            "service_ipv4_range": "10.243.0.0/16",
            "service_ipv6_range": "",
            "status": "running",
            "timeouts": null
          },
          "sensitive_attributes": [
            [
              {
                "type": "get_attr",
                "value": "master"
              },
              {
                "type": "index",
                "value": {
                  "value": 0,
                  "type": "number"
                }
              },
              {
                "type": "get_attr",
                "value": "master_logging"
              },
              {
                "type": "index",
                "value": {
                  "value": 0,
                  "type": "number"
                }
              },
              {
                "type": "get_attr",
                "value": "folder_id"
              }
            ]
          ],
          "private": "eyJlMmJmYjczMC1lY2FhLTExZTYtOGY4OC0zNDM2M2JjN2M0YzAiOnsiY3JlYXRlIjoxODAwMDAwMDAwMDAwLCJkZWxldGUiOjEyMDAwMDAwMDAwMDAsInJlYWQiOjMwMDAwMDAwMDAwMCwidXBkYXRlIjoxODAwMDAwMDAwMDAwfX0=",
          "dependencies": [
            "data.vault_kv_secret_v2.yc_creds",
            "yandex_iam_service_account.sa-k8s-admin",
            "yandex_resourcemanager_folder_iam_member.sa-k8s-admin-permissions",
            "yandex_vpc_network.network",
            "yandex_vpc_security_group.k8s-cluster-nodegroup-traffic",
            "yandex_vpc_security_group.k8s-cluster-traffic",
            "yandex_vpc_subnet.subnet"
          ]
        }
      ]
    },
    {
      "mode": "managed",
      "type": "yandex_kubernetes_node_group",
      "name": "k8s-node-group",
      "provider": "provider[\"registry.terraform.io/yandex-cloud/yandex\"]",
      "instances": [
        {
          "schema_version": 0,
          "attributes": {
            "allocation_policy": [
              {
                "location": [
                  {
                    "subnet_id": "e9b1j545415d0p9dqa1c",
                    "zone": "ru-central1-a"
                  }
                ]
              }
            ],
            "allowed_unsafe_sysctls": [],
            "cluster_id": "catif2fkevib922qgf27",
            "created_at": "2025-03-20T12:53:09Z",
            "deploy_policy": [
              {
                "max_expansion": 3,
                "max_unavailable": 0
              }
            ],
            "description": "worker node",
            "id": "cat416fji5v441ips0hu",
            "instance_group_id": "cl1hdqlb1r9ernd4gki2",
            "instance_template": [
              {
                "boot_disk": [
                  {
                    "size": 64,
                    "type": "network-hdd"
                  }
                ],
                "container_network": [
                  {
                    "pod_mtu": 0
                  }
                ],
                "container_runtime": [
                  {
                    "type": "containerd"
                  }
                ],
                "gpu_settings": [],
                "labels": {},
                "metadata": {
                  "ssh-keys": "ubuntu:ssh-rsa AAAAB3NzaC1yc2EAAAADAQABAAABgQDOP3KI8nDnIcLKwDko096sn8qftRSie1nm8xwcmW5ISpPLvxVw+mr4bm3z3L3aU+bpJbooil2QWV04ky4M95r0n4VvyvmYy65VGbp0kUCGb6uXM7rgz7Ky/f5Tw3jsFBFa2HY4MvxMh9Qgun7boQX30XiCTE7hofmDWqSPJL8GNZg9TwD8Ockc9p2rIYZfK+SZmVS06MA8SnI4vTYnpm3tm2pZjh2gzba3pIsjrTTCmXlOHm+w2B5RQnd6CoGmgGziLTNyg2NS/spB2Dz9POCRKWo9nzkq/ioxhAUnPMikqv3nxQZIYmM39zasKExXvg/IJ7ZRLO4cDfOPLD5Nrz+1yORohEq6QkupiLxkBw6VhTJJAuU3oZ7+vrz7jvA9mlQ2FbE0TTKxNRUaxZ51UWjwRdruSzzBDFeM0x0Bk1ddbwJWcSuofGeEJt7md2mocvUI8fvmZbly1z2Ev39Jxb3mzLp9Z1OLuAXJZTdwL1aJpIJRhnmRN8Q5mZqA0yTEcq0= vlad@fedora"
                },
                "name": "",
                "nat": true,
                "network_acceleration_type": "type_unspecified",
                "network_interface": [
                  {
                    "ipv4": true,
                    "ipv4_dns_records": [],
                    "ipv6": false,
                    "ipv6_dns_records": [],
                    "nat": true,
                    "security_group_ids": [],
                    "subnet_ids": [
                      "e9b1j545415d0p9dqa1c"
                    ]
                  }
                ],
                "placement_policy": [],
                "platform_id": "standard-v2",
                "resources": [
                  {
                    "core_fraction": 50,
                    "cores": 2,
                    "gpus": 0,
                    "memory": 4
                  }
                ],
                "scheduling_policy": [
                  {
                    "preemptible": true
                  }
                ]
              }
            ],
            "labels": {},
            "maintenance_policy": [
              {
                "auto_repair": true,
                "auto_upgrade": true,
                "maintenance_window": []
              }
            ],
            "name": "k8s-worker",
            "node_labels": {},
            "node_taints": [],
            "scale_policy": [
              {
                "auto_scale": [],
                "fixed_scale": [
                  {
                    "size": 1
                  }
                ]
              }
            ],
            "status": "running",
            "timeouts": null,
            "version": "1.30",
            "version_info": [
              {
                "current_version": "1.30",
                "new_revision_available": false,
                "new_revision_summary": "",
                "version_deprecated": false
              }
            ]
          },
          "sensitive_attributes": [],
          "private": "eyJlMmJmYjczMC1lY2FhLTExZTYtOGY4OC0zNDM2M2JjN2M0YzAiOnsiY3JlYXRlIjozNjAwMDAwMDAwMDAwLCJkZWxldGUiOjEyMDAwMDAwMDAwMDAsInJlYWQiOjYwMDAwMDAwMDAwMCwidXBkYXRlIjozNjAwMDAwMDAwMDAwfX0=",
          "dependencies": [
            "data.vault_kv_secret_v2.yc_creds",
            "yandex_iam_service_account.sa-k8s-admin",
            "yandex_kubernetes_cluster.k8s-cluster",
            "yandex_resourcemanager_folder_iam_member.sa-k8s-admin-permissions",
            "yandex_vpc_network.network",
            "yandex_vpc_security_group.k8s-cluster-nodegroup-traffic",
            "yandex_vpc_security_group.k8s-cluster-traffic",
            "yandex_vpc_security_group.k8s-nodegroup-traffic",
            "yandex_vpc_security_group.k8s-services-access",
            "yandex_vpc_security_group.k8s-ssh-access",
            "yandex_vpc_subnet.subnet"
          ]
        }
      ]
    },
    {
      "mode": "managed",
      "type": "yandex_resourcemanager_folder_iam_member",
      "name": "sa-k8s-admin-permissions",
      "provider": "provider[\"registry.terraform.io/yandex-cloud/yandex\"]",
      "instances": [
        {
          "index_key": "k8s.admin",
          "schema_version": 0,
          "attributes": {
            "folder_id": "b1g4i80guj7e3cgo64om",
            "id": "b1g4i80guj7e3cgo64om/k8s.admin/serviceAccount:ajet8trnt88p5cksajb8",
            "member": "serviceAccount:ajet8trnt88p5cksajb8",
            "role": "k8s.admin",
            "sleep_after": null,
            "timeouts": null
          },
          "sensitive_attributes": [
            [
              {
                "type": "get_attr",
                "value": "folder_id"
              }
            ]
          ],
          "private": "eyJlMmJmYjczMC1lY2FhLTExZTYtOGY4OC0zNDM2M2JjN2M0YzAiOnsiY3JlYXRlIjo2MDAwMDAwMDAwMCwiZGVmYXVsdCI6NjAwMDAwMDAwMDAsImRlbGV0ZSI6NjAwMDAwMDAwMDAsInJlYWQiOjYwMDAwMDAwMDAwLCJ1cGRhdGUiOjYwMDAwMDAwMDAwfX0=",
          "dependencies": [
            "data.vault_kv_secret_v2.yc_creds",
            "yandex_iam_service_account.sa-k8s-admin"
          ]
        },
        {
          "index_key": "k8s.clusters.agent",
          "schema_version": 0,
          "attributes": {
            "folder_id": "b1g4i80guj7e3cgo64om",
            "id": "b1g4i80guj7e3cgo64om/k8s.clusters.agent/serviceAccount:ajet8trnt88p5cksajb8",
            "member": "serviceAccount:ajet8trnt88p5cksajb8",
            "role": "k8s.clusters.agent",
            "sleep_after": null,
            "timeouts": null
          },
          "sensitive_attributes": [
            [
              {
                "type": "get_attr",
                "value": "folder_id"
              }
            ]
          ],
          "private": "eyJlMmJmYjczMC1lY2FhLTExZTYtOGY4OC0zNDM2M2JjN2M0YzAiOnsiY3JlYXRlIjo2MDAwMDAwMDAwMCwiZGVmYXVsdCI6NjAwMDAwMDAwMDAsImRlbGV0ZSI6NjAwMDAwMDAwMDAsInJlYWQiOjYwMDAwMDAwMDAwLCJ1cGRhdGUiOjYwMDAwMDAwMDAwfX0=",
          "dependencies": [
            "data.vault_kv_secret_v2.yc_creds",
            "yandex_iam_service_account.sa-k8s-admin"
          ]
        },
        {
          "index_key": "logging.writer",
          "schema_version": 0,
          "attributes": {
            "folder_id": "b1g4i80guj7e3cgo64om",
            "id": "b1g4i80guj7e3cgo64om/logging.writer/serviceAccount:ajet8trnt88p5cksajb8",
            "member": "serviceAccount:ajet8trnt88p5cksajb8",
            "role": "logging.writer",
            "sleep_after": null,
            "timeouts": null
          },
          "sensitive_attributes": [
            [
              {
                "type": "get_attr",
                "value": "folder_id"
              }
            ]
          ],
          "private": "eyJlMmJmYjczMC1lY2FhLTExZTYtOGY4OC0zNDM2M2JjN2M0YzAiOnsiY3JlYXRlIjo2MDAwMDAwMDAwMCwiZGVmYXVsdCI6NjAwMDAwMDAwMDAsImRlbGV0ZSI6NjAwMDAwMDAwMDAsInJlYWQiOjYwMDAwMDAwMDAwLCJ1cGRhdGUiOjYwMDAwMDAwMDAwfX0=",
          "dependencies": [
            "data.vault_kv_secret_v2.yc_creds",
            "yandex_iam_service_account.sa-k8s-admin"
          ]
        },
        {
          "index_key": "vpc.publicAdmin",
          "schema_version": 0,
          "attributes": {
            "folder_id": "b1g4i80guj7e3cgo64om",
            "id": "b1g4i80guj7e3cgo64om/vpc.publicAdmin/serviceAccount:ajet8trnt88p5cksajb8",
            "member": "serviceAccount:ajet8trnt88p5cksajb8",
            "role": "vpc.publicAdmin",
            "sleep_after": null,
            "timeouts": null
          },
          "sensitive_attributes": [
            [
              {
                "type": "get_attr",
                "value": "folder_id"
              }
            ]
          ],
          "private": "eyJlMmJmYjczMC1lY2FhLTExZTYtOGY4OC0zNDM2M2JjN2M0YzAiOnsiY3JlYXRlIjo2MDAwMDAwMDAwMCwiZGVmYXVsdCI6NjAwMDAwMDAwMDAsImRlbGV0ZSI6NjAwMDAwMDAwMDAsInJlYWQiOjYwMDAwMDAwMDAwLCJ1cGRhdGUiOjYwMDAwMDAwMDAwfX0=",
          "dependencies": [
            "data.vault_kv_secret_v2.yc_creds",
            "yandex_iam_service_account.sa-k8s-admin"
          ]
        }
      ]
    },
    {
      "mode": "managed",
      "type": "yandex_vpc_network",
      "name": "network",
      "provider": "provider[\"registry.terraform.io/yandex-cloud/yandex\"]",
      "instances": [
        {
          "schema_version": 0,
          "attributes": {
            "created_at": "2025-03-20T12:41:50Z",
            "default_security_group_id": "enppiln1oisqecjee84h",
            "description": "",
            "folder_id": "b1g4i80guj7e3cgo64om",
            "id": "enpkt47p9i7kvo1ahlvi",
            "labels": {},
            "name": "k8s_network",
            "subnet_ids": [
              "e9b1j545415d0p9dqa1c",
              "e9bnt1gneng1qmifhsa3",
              "e9bum8ghgp1m4k4e1pga"
            ],
            "timeouts": null
          },
          "sensitive_attributes": [],
          "private": "eyJlMmJmYjczMC1lY2FhLTExZTYtOGY4OC0zNDM2M2JjN2M0YzAiOnsiY3JlYXRlIjo2MDAwMDAwMDAwMCwiZGVsZXRlIjo2MDAwMDAwMDAwMCwidXBkYXRlIjo2MDAwMDAwMDAwMH19",
          "dependencies": [
            "data.vault_kv_secret_v2.yc_creds"
          ]
        }
      ]
    },
    {
      "mode": "managed",
      "type": "yandex_vpc_security_group",
      "name": "k8s-cluster-nodegroup-traffic",
      "provider": "provider[\"registry.terraform.io/yandex-cloud/yandex\"]",
      "instances": [
        {
          "schema_version": 0,
          "attributes": {
            "created_at": "2025-03-20T12:41:54Z",
            "description": "node group security group",
            "egress": [
              {
                "description": "Правило для исходящего служебного трафика между мастером и узлами.",
                "from_port": 0,
                "id": "enpeiumvbkgh6arg97kt",
                "labels": {},
                "port": -1,
                "predefined_target": "self_security_group",
                "protocol": "ANY",
                "security_group_id": "",
                "to_port": 65535,
                "v4_cidr_blocks": [],
                "v6_cidr_blocks": []
              }
            ],
            "folder_id": "b1g4i80guj7e3cgo64om",
            "id": "enp75f4sbdcd1o3lh0bf",
            "ingress": [
              {
                "description": "Правило для входящего служебного трафика между мастером и узлами.",
                "from_port": 0,
                "id": "enpieb1pflb8ppadjhcc",
                "labels": {},
                "port": -1,
                "predefined_target": "self_security_group",
                "protocol": "ANY",
                "security_group_id": "",
                "to_port": 65535,
                "v4_cidr_blocks": [],
                "v6_cidr_blocks": []
              },
              {
                "description": "Правило для проверки работоспособности узлов с помощью ICMP-запросов из подсетей внутри Yandex Cloud.",
                "from_port": -1,
                "id": "enps5tlrad06lcp26ofj",
                "labels": {},
                "port": -1,
                "predefined_target": "",
                "protocol": "ICMP",
                "security_group_id": "",
                "to_port": -1,
                "v4_cidr_blocks": [
                  "10.0.0.0/8",
                  "172.16.0.0/12",
                  "192.168.0.0/16"
                ],
                "v6_cidr_blocks": []
              },
              {
                "description": "Правило для проверок состояния сетевого балансировщика нагрузки.",
                "from_port": 0,
                "id": "enpl51h42b7j70og1lis",
                "labels": {},
                "port": -1,
                "predefined_target": "loadbalancer_healthchecks",
                "protocol": "TCP",
                "security_group_id": "",
                "to_port": 65535,
                "v4_cidr_blocks": [],
                "v6_cidr_blocks": []
              }
            ],
            "labels": {},
            "name": "k8s-cluster-nodegroup-traffic",
            "network_id": "enpkt47p9i7kvo1ahlvi",
            "status": "ACTIVE",
            "timeouts": null
          },
          "sensitive_attributes": [],
          "private": "eyJlMmJmYjczMC1lY2FhLTExZTYtOGY4OC0zNDM2M2JjN2M0YzAiOnsiY3JlYXRlIjoxODAwMDAwMDAwMDAsImRlbGV0ZSI6MTgwMDAwMDAwMDAwLCJ1cGRhdGUiOjE4MDAwMDAwMDAwMH19",
          "dependencies": [
            "data.vault_kv_secret_v2.yc_creds",
            "yandex_vpc_network.network"
          ]
        }
      ]
    },
    {
      "mode": "managed",
      "type": "yandex_vpc_security_group",
      "name": "k8s-cluster-traffic",
      "provider": "provider[\"registry.terraform.io/yandex-cloud/yandex\"]",
      "instances": [
        {
          "schema_version": 0,
          "attributes": {
            "created_at": "2025-03-20T12:42:03Z",
            "description": "Правила группы разрешают трафик для кластера. Примените ее к кластеру.",
            "egress": [
              {
                "description": "Правило для исходящего трафика, разрешающее передачу трафика между мастером и подами metric-server.",
                "from_port": -1,
                "id": "enpvq1svh8eoe4cusldh",
                "labels": {},
                "port": 4443,
                "predefined_target": "",
                "protocol": "TCP",
                "security_group_id": "",
                "to_port": -1,
                "v4_cidr_blocks": [
                  "10.0.0.0/8"
                ],
                "v6_cidr_blocks": []
              }
            ],
            "folder_id": "b1g4i80guj7e3cgo64om",
            "id": "enp0kfsam1hm50dd5n6o",
            "ingress": [
              {
                "description": "Правило для входящего трафика, разрешающее доступ к API Kubernetes (порт 443).",
                "from_port": -1,
                "id": "enp139tpg5g30jsp9bd8",
                "labels": {},
                "port": 443,
                "predefined_target": "",
                "protocol": "TCP",
                "security_group_id": "",
                "to_port": -1,
                "v4_cidr_blocks": [
                  "0.0.0.0/0"
                ],
                "v6_cidr_blocks": []
              },
              {
                "description": "Правило для входящего трафика, разрешающее доступ к API Kubernetes (порт 6443).",
                "from_port": -1,
                "id": "enp05jig5smnt8qkhdhm",
                "labels": {},
                "port": 6443,
                "predefined_target": "",
                "protocol": "TCP",
                "security_group_id": "",
                "to_port": -1,
                "v4_cidr_blocks": [
                  "0.0.0.0/0"
                ],
                "v6_cidr_blocks": []
              }
            ],
            "labels": {},
            "name": "k8s-cluster-traffic",
            "network_id": "enpkt47p9i7kvo1ahlvi",
            "status": "ACTIVE",
            "timeouts": null
          },
          "sensitive_attributes": [],
          "private": "eyJlMmJmYjczMC1lY2FhLTExZTYtOGY4OC0zNDM2M2JjN2M0YzAiOnsiY3JlYXRlIjoxODAwMDAwMDAwMDAsImRlbGV0ZSI6MTgwMDAwMDAwMDAwLCJ1cGRhdGUiOjE4MDAwMDAwMDAwMH19",
          "dependencies": [
            "data.vault_kv_secret_v2.yc_creds",
            "yandex_vpc_network.network"
          ]
        }
      ]
    },
    {
      "mode": "managed",
      "type": "yandex_vpc_security_group",
      "name": "k8s-nodegroup-traffic",
      "provider": "provider[\"registry.terraform.io/yandex-cloud/yandex\"]",
      "instances": [
        {
          "schema_version": 0,
          "attributes": {
            "created_at": "2025-03-20T12:42:06Z",
            "description": "Правила группы разрешают служебный трафик для групп узлов. Примените ее к группам узлов.",
            "egress": [
              {
                "description": "Правило для исходящего трафика, разрешающее узлам в группе узлов подключаться к внешним ресурсам.",
                "from_port": 0,
                "id": "enpgppbv9k35arsl5sp9",
                "labels": {},
                "port": -1,
                "predefined_target": "",
                "protocol": "ANY",
                "security_group_id": "",
                "to_port": 65535,
                "v4_cidr_blocks": [
                  "0.0.0.0/0"
                ],
                "v6_cidr_blocks": []
              }
            ],
            "folder_id": "b1g4i80guj7e3cgo64om",
            "id": "enp0e8gb2rg59bgajgre",
            "ingress": [
              {
                "description": "Правило для входящего трафика, разрешающее передачу трафика между подами и сервисами.",
                "from_port": 0,
                "id": "enpk3p6e3rgvsm70dhc1",
                "labels": {},
                "port": -1,
                "predefined_target": "",
                "protocol": "ANY",
                "security_group_id": "",
                "to_port": 65535,
                "v4_cidr_blocks": [
                  "10.244.0.0/16",
                  "10.243.0.0/16"
                ],
                "v6_cidr_blocks": []
              }
            ],
            "labels": {},
            "name": "k8s-nodegroup-traffic",
            "network_id": "enpkt47p9i7kvo1ahlvi",
            "status": "ACTIVE",
            "timeouts": null
          },
          "sensitive_attributes": [],
          "private": "eyJlMmJmYjczMC1lY2FhLTExZTYtOGY4OC0zNDM2M2JjN2M0YzAiOnsiY3JlYXRlIjoxODAwMDAwMDAwMDAsImRlbGV0ZSI6MTgwMDAwMDAwMDAwLCJ1cGRhdGUiOjE4MDAwMDAwMDAwMH19",
          "dependencies": [
            "data.vault_kv_secret_v2.yc_creds",
            "yandex_vpc_network.network",
            "yandex_vpc_security_group.k8s-cluster-nodegroup-traffic",
            "yandex_vpc_security_group.k8s-cluster-traffic"
          ]
        }
      ]
    },
    {
      "mode": "managed",
      "type": "yandex_vpc_security_group",
      "name": "k8s-services-access",
      "provider": "provider[\"registry.terraform.io/yandex-cloud/yandex\"]",
      "instances": [
        {
          "schema_version": 0,
          "attributes": {
            "created_at": "2025-03-20T12:41:59Z",
            "description": "Правила группы разрешают подключение к сервисам из интернета. Примените ее к группам узлов.",
            "egress": [],
            "folder_id": "b1g4i80guj7e3cgo64om",
            "id": "enpoi44o9b64s4bd7gct",
            "ingress": [
              {
                "description": "Правило для входящего трафика, разрешающее подключение к сервисам.",
                "from_port": 30000,
                "id": "enpa38lqn075cbmsoav2",
                "labels": {},
                "port": -1,
                "predefined_target": "",
                "protocol": "TCP",
                "security_group_id": "",
                "to_port": 32767,
                "v4_cidr_blocks": [
                  "0.0.0.0/0"
                ],
                "v6_cidr_blocks": []
              }
            ],
            "labels": {},
            "name": "k8s-services-access",
            "network_id": "enpkt47p9i7kvo1ahlvi",
            "status": "ACTIVE",
            "timeouts": null
          },
          "sensitive_attributes": [],
          "private": "eyJlMmJmYjczMC1lY2FhLTExZTYtOGY4OC0zNDM2M2JjN2M0YzAiOnsiY3JlYXRlIjoxODAwMDAwMDAwMDAsImRlbGV0ZSI6MTgwMDAwMDAwMDAwLCJ1cGRhdGUiOjE4MDAwMDAwMDAwMH19",
          "dependencies": [
            "data.vault_kv_secret_v2.yc_creds",
            "yandex_vpc_network.network"
          ]
        }
      ]
    },
    {
      "mode": "managed",
      "type": "yandex_vpc_security_group",
      "name": "k8s-ssh-access",
      "provider": "provider[\"registry.terraform.io/yandex-cloud/yandex\"]",
      "instances": [
        {
          "schema_version": 0,
          "attributes": {
            "created_at": "2025-03-20T12:41:56Z",
            "description": "Правила группы разрешают подключение к узлам по SSH. Примените ее к группам узлов.",
            "egress": [],
            "folder_id": "b1g4i80guj7e3cgo64om",
            "id": "enp1uh7mp2d22gf4cugb",
            "ingress": [
              {
                "description": "Правило для входящего трафика, разрешающее подключение к узлам по SSH.",
                "from_port": -1,
                "id": "enpl2nkbs03k5omb0h64",
                "labels": {},
                "port": 22,
                "predefined_target": "",
                "protocol": "TCP",
                "security_group_id": "",
                "to_port": -1,
                "v4_cidr_blocks": [
                  "0.0.0.0/0"
                ],
                "v6_cidr_blocks": []
              }
            ],
            "labels": {},
            "name": "k8s-ssh-access",
            "network_id": "enpkt47p9i7kvo1ahlvi",
            "status": "ACTIVE",
            "timeouts": null
          },
          "sensitive_attributes": [],
          "private": "eyJlMmJmYjczMC1lY2FhLTExZTYtOGY4OC0zNDM2M2JjN2M0YzAiOnsiY3JlYXRlIjoxODAwMDAwMDAwMDAsImRlbGV0ZSI6MTgwMDAwMDAwMDAwLCJ1cGRhdGUiOjE4MDAwMDAwMDAwMH19",
          "dependencies": [
            "data.vault_kv_secret_v2.yc_creds",
            "yandex_vpc_network.network"
          ]
        }
      ]
    },
    {
      "mode": "managed",
      "type": "yandex_vpc_subnet",
      "name": "subnet",
      "provider": "provider[\"registry.terraform.io/yandex-cloud/yandex\"]",
      "instances": [
        {
          "schema_version": 0,
          "attributes": {
            "created_at": "2025-03-20T12:41:52Z",
            "description": "",
            "dhcp_options": [],
            "folder_id": "b1g4i80guj7e3cgo64om",
            "id": "e9b1j545415d0p9dqa1c",
            "labels": {},
            "name": "k8s_network",
            "network_id": "enpkt47p9i7kvo1ahlvi",
            "route_table_id": "",
            "timeouts": null,
            "v4_cidr_blocks": [
              "172.16.10.0/24"
            ],
            "v6_cidr_blocks": [],
            "zone": "ru-central1-a"
          },
          "sensitive_attributes": [],
          "private": "eyJlMmJmYjczMC1lY2FhLTExZTYtOGY4OC0zNDM2M2JjN2M0YzAiOnsiY3JlYXRlIjoxODAwMDAwMDAwMDAsImRlbGV0ZSI6MTgwMDAwMDAwMDAwLCJ1cGRhdGUiOjE4MDAwMDAwMDAwMH19",
          "dependencies": [
            "data.vault_kv_secret_v2.yc_creds",
            "yandex_vpc_network.network"
          ]
        }
      ]
    }
  ],
  "check_results": null
}
