{
  "version": 4,
  "terraform_version": "1.10.1",
  "serial": 216,
  "lineage": "b021abf1-d029-d7b5-543d-23480d5054d1",
  "outputs": {
    "k8s_version": {
      "value": [
        "1.30"
      ],
      "type": [
        "list",
        "string"
      ]
    },
    "service-range": {
      "value": [
        "10.243.0.0/16"
      ],
      "type": [
        "tuple",
        [
          "string"
        ]
      ]
    }
  },
  "resources": [
    {
      "mode": "data",
      "type": "vault_kv_secret_v2",
      "name": "yc_creds",
      "provider": "provider[\"registry.terraform.io/hashicorp/vault\"]",
      "instances": [
        {
          "schema_version": 0,
          "attributes": {
            "created_time": "2025-03-12T12:50:00.293012429Z",
            "custom_metadata": null,
            "data": {
              "cloud_id": "b1gfsoocn9at577iert4",
              "folder_id": "b1g4i80guj7e3cgo64om",
              "iam_token": "t1.9euelZrPyMeRmYqOksmdl4zGl5eMnu3rnpWaxsmPis7OlZaZyJaXmJeOmp3l9PcHejlB-e9LFRqs3fT3Ryg3QfnvSxUarM3n9euelZqQms6SxoySnZudzI6biczHye_8zef1656Vms_PmZGKk8edzo-Xx82OzorM7_3F656VmpCazpLGjJKdm53MjpuJzMfJ.6KEAWwCMIqDuNCqu8E6eIxNrnANRDmLU8Nn2AqUS4tygqW-lvxqD-QyoLpgqvPCH_pGfm67mzCtbqvMzwIljAw"
            },
            "data_json": "{\"cloud_id\":\"b1gfsoocn9at577iert4\",\"folder_id\":\"b1g4i80guj7e3cgo64om\",\"iam_token\":\"t1.9euelZrPyMeRmYqOksmdl4zGl5eMnu3rnpWaxsmPis7OlZaZyJaXmJeOmp3l9PcHejlB-e9LFRqs3fT3Ryg3QfnvSxUarM3n9euelZqQms6SxoySnZudzI6biczHye_8zef1656Vms_PmZGKk8edzo-Xx82OzorM7_3F656VmpCazpLGjJKdm53MjpuJzMfJ.6KEAWwCMIqDuNCqu8E6eIxNrnANRDmLU8Nn2AqUS4tygqW-lvxqD-QyoLpgqvPCH_pGfm67mzCtbqvMzwIljAw\"}",
            "deletion_time": "",
            "destroyed": false,
            "id": "kv/data/yc-sa-admin",
            "mount": "kv",
            "name": "yc-sa-admin",
            "namespace": null,
            "path": "kv/data/yc-sa-admin",
            "version": 38
          },
          "sensitive_attributes": [
            [
              {
                "type": "get_attr",
                "value": "data"
              }
            ],
            [
              {
                "type": "get_attr",
                "value": "data_json"
              }
            ]
          ]
        }
      ]
    },
    {
      "mode": "managed",
      "type": "yandex_iam_service_account",
      "name": "sa-k8s-admin",
      "provider": "provider[\"registry.terraform.io/yandex-cloud/yandex\"]",
      "instances": [
        {
          "schema_version": 0,
          "attributes": {
            "created_at": "2025-03-12T13:24:34Z",
            "description": "k8s account admin",
            "folder_id": "b1g4i80guj7e3cgo64om",
            "id": "ajeaa3tubvdkknthf15n",
            "name": "sa-k8s-admin",
            "timeouts": null
          },
          "sensitive_attributes": [],
          "private": "eyJlMmJmYjczMC1lY2FhLTExZTYtOGY4OC0zNDM2M2JjN2M0YzAiOnsiY3JlYXRlIjo2MDAwMDAwMDAwMCwiZGVsZXRlIjo2MDAwMDAwMDAwMCwidXBkYXRlIjo2MDAwMDAwMDAwMH19",
          "dependencies": [
            "data.vault_kv_secret_v2.yc_creds"
          ]
        }
      ]
    },
    {
      "mode": "managed",
      "type": "yandex_resourcemanager_folder_iam_member",
      "name": "sa-k8s-admin-permissions",
      "provider": "provider[\"registry.terraform.io/yandex-cloud/yandex\"]",
      "instances": [
        {
          "index_key": 0,
          "schema_version": 0,
          "attributes": {
            "folder_id": "b1g4i80guj7e3cgo64om",
            "id": "b1g4i80guj7e3cgo64om/k8s.admin/serviceAccount:ajeaa3tubvdkknthf15n",
            "member": "serviceAccount:ajeaa3tubvdkknthf15n",
            "role": "k8s.admin",
            "sleep_after": null,
            "timeouts": null
          },
          "sensitive_attributes": [
            [
              {
                "type": "get_attr",
                "value": "folder_id"
              }
            ]
          ],
          "private": "eyJlMmJmYjczMC1lY2FhLTExZTYtOGY4OC0zNDM2M2JjN2M0YzAiOnsiY3JlYXRlIjo2MDAwMDAwMDAwMCwiZGVmYXVsdCI6NjAwMDAwMDAwMDAsImRlbGV0ZSI6NjAwMDAwMDAwMDAsInJlYWQiOjYwMDAwMDAwMDAwLCJ1cGRhdGUiOjYwMDAwMDAwMDAwfX0=",
          "dependencies": [
            "data.vault_kv_secret_v2.yc_creds",
            "yandex_iam_service_account.sa-k8s-admin"
          ]
        },
        {
          "index_key": 1,
          "schema_version": 0,
          "attributes": {
            "folder_id": "b1g4i80guj7e3cgo64om",
            "id": "b1g4i80guj7e3cgo64om/vpc.publicAdmin/serviceAccount:ajeaa3tubvdkknthf15n",
            "member": "serviceAccount:ajeaa3tubvdkknthf15n",
            "role": "vpc.publicAdmin",
            "sleep_after": null,
            "timeouts": null
          },
          "sensitive_attributes": [
            [
              {
                "type": "get_attr",
                "value": "folder_id"
              }
            ]
          ],
          "private": "eyJlMmJmYjczMC1lY2FhLTExZTYtOGY4OC0zNDM2M2JjN2M0YzAiOnsiY3JlYXRlIjo2MDAwMDAwMDAwMCwiZGVmYXVsdCI6NjAwMDAwMDAwMDAsImRlbGV0ZSI6NjAwMDAwMDAwMDAsInJlYWQiOjYwMDAwMDAwMDAwLCJ1cGRhdGUiOjYwMDAwMDAwMDAwfX0=",
          "dependencies": [
            "data.vault_kv_secret_v2.yc_creds",
            "yandex_iam_service_account.sa-k8s-admin"
          ]
        }
      ]
    },
    {
      "mode": "managed",
      "type": "yandex_vpc_network",
      "name": "network",
      "provider": "provider[\"registry.terraform.io/yandex-cloud/yandex\"]",
      "instances": [
        {
          "schema_version": 0,
          "attributes": {
            "created_at": "2025-03-12T13:20:59Z",
            "default_security_group_id": "enpknc184drjhk6hbcec",
            "description": "",
            "folder_id": "b1g4i80guj7e3cgo64om",
            "id": "enp5jlf3s80nom392uq9",
            "labels": {},
            "name": "k8s_network",
            "subnet_ids": [
              "e9b3ebq7t6mouuohnv93"
            ],
            "timeouts": null
          },
          "sensitive_attributes": [],
          "private": "eyJlMmJmYjczMC1lY2FhLTExZTYtOGY4OC0zNDM2M2JjN2M0YzAiOnsiY3JlYXRlIjo2MDAwMDAwMDAwMCwiZGVsZXRlIjo2MDAwMDAwMDAwMCwidXBkYXRlIjo2MDAwMDAwMDAwMH19",
          "dependencies": [
            "data.vault_kv_secret_v2.yc_creds"
          ]
        }
      ]
    },
    {
      "mode": "managed",
      "type": "yandex_vpc_security_group",
      "name": "k8s-cluster-nodegroup-traffic",
      "provider": "provider[\"registry.terraform.io/yandex-cloud/yandex\"]",
      "instances": [
        {
          "schema_version": 0,
          "attributes": {
            "created_at": "2025-03-12T13:21:03Z",
            "description": "node group security group",
            "egress": [
              {
                "description": "Правило для исходящего служебного трафика между мастером и узлами.",
                "from_port": 0,
                "id": "enpqjfp2smjr957i5cvj",
                "labels": {},
                "port": -1,
                "predefined_target": "self_security_group",
                "protocol": "ANY",
                "security_group_id": "",
                "to_port": 65535,
                "v4_cidr_blocks": [],
                "v6_cidr_blocks": []
              }
            ],
            "folder_id": "b1g4i80guj7e3cgo64om",
            "id": "enp48qagdv34mck0o9l8",
            "ingress": [
              {
                "description": "Правило для входящего служебного трафика между мастером и узлами.",
                "from_port": 0,
                "id": "enp05ft4k48jm00qom7f",
                "labels": {},
                "port": -1,
                "predefined_target": "self_security_group",
                "protocol": "ANY",
                "security_group_id": "",
                "to_port": 65535,
                "v4_cidr_blocks": [],
                "v6_cidr_blocks": []
              },
              {
                "description": "Правило для проверки работоспособности узлов с помощью ICMP-запросов из подсетей внутри Yandex Cloud.",
                "from_port": -1,
                "id": "enpiptcdm61a34b2k2nd",
                "labels": {},
                "port": -1,
                "predefined_target": "",
                "protocol": "ICMP",
                "security_group_id": "",
                "to_port": -1,
                "v4_cidr_blocks": [
                  "10.0.0.0/8",
                  "172.16.0.0/12",
                  "192.168.0.0/16"
                ],
                "v6_cidr_blocks": []
              },
              {
                "description": "Правило для проверок состояния сетевого балансировщика нагрузки.",
                "from_port": 0,
                "id": "enptp93lm34e5ulnf36j",
                "labels": {},
                "port": -1,
                "predefined_target": "loadbalancer_healthchecks",
                "protocol": "TCP",
                "security_group_id": "",
                "to_port": 65535,
                "v4_cidr_blocks": [],
                "v6_cidr_blocks": []
              }
            ],
            "labels": {},
            "name": "k8s-cluster-nodegroup-traffic",
            "network_id": "enp5jlf3s80nom392uq9",
            "status": "ACTIVE",
            "timeouts": null
          },
          "sensitive_attributes": [],
          "private": "eyJlMmJmYjczMC1lY2FhLTExZTYtOGY4OC0zNDM2M2JjN2M0YzAiOnsiY3JlYXRlIjoxODAwMDAwMDAwMDAsImRlbGV0ZSI6MTgwMDAwMDAwMDAwLCJ1cGRhdGUiOjE4MDAwMDAwMDAwMH19",
          "dependencies": [
            "data.vault_kv_secret_v2.yc_creds",
            "yandex_vpc_network.network"
          ]
        }
      ]
    },
    {
      "mode": "managed",
      "type": "yandex_vpc_security_group",
      "name": "k8s-cluster-traffic",
      "provider": "provider[\"registry.terraform.io/yandex-cloud/yandex\"]",
      "instances": [
        {
          "schema_version": 0,
          "attributes": {
            "created_at": "2025-03-12T13:21:05Z",
            "description": "Правила группы разрешают трафик для кластера. Примените ее к кластеру.",
            "egress": [
              {
                "description": "Правило для исходящего трафика, разрешающее передачу трафика между мастером и подами metric-server.",
                "from_port": -1,
                "id": "enpgjavlf82vp0udf08i",
                "labels": {},
                "port": 4443,
                "predefined_target": "",
                "protocol": "TCP",
                "security_group_id": "",
                "to_port": -1,
                "v4_cidr_blocks": [
                  "10.0.0.0/8"
                ],
                "v6_cidr_blocks": []
              }
            ],
            "folder_id": "b1g4i80guj7e3cgo64om",
            "id": "enpqhpk82d3o16d572dr",
            "ingress": [
              {
                "description": "Правило для входящего трафика, разрешающее доступ к API Kubernetes (порт 443).",
                "from_port": -1,
                "id": "enphv72krcav92o9i1bt",
                "labels": {},
                "port": 443,
                "predefined_target": "",
                "protocol": "TCP",
                "security_group_id": "",
                "to_port": -1,
                "v4_cidr_blocks": [
                  "0.0.0.0/0"
                ],
                "v6_cidr_blocks": []
              },
              {
                "description": "Правило для входящего трафика, разрешающее доступ к API Kubernetes (порт 6443).",
                "from_port": -1,
                "id": "enplptlu3ve23s3kkh4t",
                "labels": {},
                "port": 6443,
                "predefined_target": "",
                "protocol": "TCP",
                "security_group_id": "",
                "to_port": -1,
                "v4_cidr_blocks": [
                  "0.0.0.0/0"
                ],
                "v6_cidr_blocks": []
              }
            ],
            "labels": {},
            "name": "k8s-cluster-traffic",
            "network_id": "enp5jlf3s80nom392uq9",
            "status": "ACTIVE",
            "timeouts": null
          },
          "sensitive_attributes": [],
          "private": "eyJlMmJmYjczMC1lY2FhLTExZTYtOGY4OC0zNDM2M2JjN2M0YzAiOnsiY3JlYXRlIjoxODAwMDAwMDAwMDAsImRlbGV0ZSI6MTgwMDAwMDAwMDAwLCJ1cGRhdGUiOjE4MDAwMDAwMDAwMH19",
          "dependencies": [
            "data.vault_kv_secret_v2.yc_creds",
            "yandex_vpc_network.network"
          ]
        }
      ]
    },
    {
      "mode": "managed",
      "type": "yandex_vpc_security_group",
      "name": "k8s-nodegroup-traffic",
      "provider": "provider[\"registry.terraform.io/yandex-cloud/yandex\"]",
      "instances": [
        {
          "schema_version": 0,
          "attributes": {
            "created_at": "2025-03-12T13:21:08Z",
            "description": "Правила группы разрешают служебный трафик для групп узлов. Примените ее к группам узлов.",
            "egress": [
              {
                "description": "Правило для исходящего трафика, разрешающее узлам в группе узлов подключаться к внешним ресурсам.",
                "from_port": 0,
                "id": "enp74eps6q0qo5h1b4gl",
                "labels": {},
                "port": -1,
                "predefined_target": "",
                "protocol": "ANY",
                "security_group_id": "",
                "to_port": 65535,
                "v4_cidr_blocks": [
                  "0.0.0.0/0"
                ],
                "v6_cidr_blocks": []
              }
            ],
            "folder_id": "b1g4i80guj7e3cgo64om",
            "id": "enp4sfnvm2t4pb8gkhur",
            "ingress": [
              {
                "description": "Правило для входящего трафика, разрешающее передачу трафика между подами и сервисами.",
                "from_port": 0,
                "id": "enpd6g43csup9gvfrv4u",
                "labels": {},
                "port": -1,
                "predefined_target": "",
                "protocol": "ANY",
                "security_group_id": "",
                "to_port": 65535,
                "v4_cidr_blocks": [
                  "10.244.0.0/16",
                  "10.243.0.0/16"
                ],
                "v6_cidr_blocks": []
              }
            ],
            "labels": {},
            "name": "k8s-nodegroup-traffic",
            "network_id": "enp5jlf3s80nom392uq9",
            "status": "ACTIVE",
            "timeouts": null
          },
          "sensitive_attributes": [],
          "private": "eyJlMmJmYjczMC1lY2FhLTExZTYtOGY4OC0zNDM2M2JjN2M0YzAiOnsiY3JlYXRlIjoxODAwMDAwMDAwMDAsImRlbGV0ZSI6MTgwMDAwMDAwMDAwLCJ1cGRhdGUiOjE4MDAwMDAwMDAwMH19",
          "dependencies": [
            "data.vault_kv_secret_v2.yc_creds",
            "yandex_vpc_network.network",
            "yandex_vpc_security_group.k8s-cluster-nodegroup-traffic",
            "yandex_vpc_security_group.k8s-cluster-traffic"
          ]
        }
      ]
    },
    {
      "mode": "managed",
      "type": "yandex_vpc_security_group",
      "name": "k8s-services-access",
      "provider": "provider[\"registry.terraform.io/yandex-cloud/yandex\"]",
      "instances": [
        {
          "schema_version": 0,
          "attributes": {
            "created_at": "2025-03-12T13:21:11Z",
            "description": "Правила группы разрешают подключение к сервисам из интернета. Примените ее к группам узлов.",
            "egress": [],
            "folder_id": "b1g4i80guj7e3cgo64om",
            "id": "enptjn87dopeihjih7fc",
            "ingress": [
              {
                "description": "Правило для входящего трафика, разрешающее подключение к сервисам.",
                "from_port": 30000,
                "id": "enpt3r71d1gumiv42p67",
                "labels": {},
                "port": -1,
                "predefined_target": "",
                "protocol": "TCP",
                "security_group_id": "",
                "to_port": 32767,
                "v4_cidr_blocks": [
                  "0.0.0.0/0"
                ],
                "v6_cidr_blocks": []
              }
            ],
            "labels": {},
            "name": "k8s-services-access",
            "network_id": "enp5jlf3s80nom392uq9",
            "status": "ACTIVE",
            "timeouts": null
          },
          "sensitive_attributes": [],
          "private": "eyJlMmJmYjczMC1lY2FhLTExZTYtOGY4OC0zNDM2M2JjN2M0YzAiOnsiY3JlYXRlIjoxODAwMDAwMDAwMDAsImRlbGV0ZSI6MTgwMDAwMDAwMDAwLCJ1cGRhdGUiOjE4MDAwMDAwMDAwMH19",
          "dependencies": [
            "data.vault_kv_secret_v2.yc_creds",
            "yandex_vpc_network.network"
          ]
        }
      ]
    },
    {
      "mode": "managed",
      "type": "yandex_vpc_security_group",
      "name": "k8s-ssh-access",
      "provider": "provider[\"registry.terraform.io/yandex-cloud/yandex\"]",
      "instances": [
        {
          "schema_version": 0,
          "attributes": {
            "created_at": "2025-03-12T13:21:16Z",
            "description": "Правила группы разрешают подключение к узлам по SSH. Примените ее к группам узлов.",
            "egress": [],
            "folder_id": "b1g4i80guj7e3cgo64om",
            "id": "enpuofeolnbbn0as203k",
            "ingress": [
              {
                "description": "Правило для входящего трафика, разрешающее подключение к узлам по SSH.",
                "from_port": -1,
                "id": "enppqro9pijn3i5rrlto",
                "labels": {},
                "port": 22,
                "predefined_target": "",
                "protocol": "TCP",
                "security_group_id": "",
                "to_port": -1,
                "v4_cidr_blocks": [
                  "0.0.0.0/0"
                ],
                "v6_cidr_blocks": []
              }
            ],
            "labels": {},
            "name": "k8s-ssh-access",
            "network_id": "enp5jlf3s80nom392uq9",
            "status": "ACTIVE",
            "timeouts": null
          },
          "sensitive_attributes": [],
          "private": "eyJlMmJmYjczMC1lY2FhLTExZTYtOGY4OC0zNDM2M2JjN2M0YzAiOnsiY3JlYXRlIjoxODAwMDAwMDAwMDAsImRlbGV0ZSI6MTgwMDAwMDAwMDAwLCJ1cGRhdGUiOjE4MDAwMDAwMDAwMH19",
          "dependencies": [
            "data.vault_kv_secret_v2.yc_creds",
            "yandex_vpc_network.network"
          ]
        }
      ]
    },
    {
      "mode": "managed",
      "type": "yandex_vpc_subnet",
      "name": "subnet",
      "provider": "provider[\"registry.terraform.io/yandex-cloud/yandex\"]",
      "instances": [
        {
          "schema_version": 0,
          "attributes": {
            "created_at": "2025-03-12T13:21:02Z",
            "description": "",
            "dhcp_options": [],
            "folder_id": "b1g4i80guj7e3cgo64om",
            "id": "e9b3ebq7t6mouuohnv93",
            "labels": {},
            "name": "k8s_network",
            "network_id": "enp5jlf3s80nom392uq9",
            "route_table_id": "",
            "timeouts": null,
            "v4_cidr_blocks": [
              "172.16.10.0/24"
            ],
            "v6_cidr_blocks": [],
            "zone": "ru-central1-a"
          },
          "sensitive_attributes": [],
          "private": "eyJlMmJmYjczMC1lY2FhLTExZTYtOGY4OC0zNDM2M2JjN2M0YzAiOnsiY3JlYXRlIjoxODAwMDAwMDAwMDAsImRlbGV0ZSI6MTgwMDAwMDAwMDAwLCJ1cGRhdGUiOjE4MDAwMDAwMDAwMH19",
          "dependencies": [
            "data.vault_kv_secret_v2.yc_creds",
            "yandex_vpc_network.network"
          ]
        }
      ]
    }
  ],
  "check_results": null
}
